// !$*UTF8*$!
{
	archiveVersion = 1;
	classes = {
	};
	objectVersion = 50;
	objects = {

/* Begin PBXBuildFile section */
		18098A4122BCCF6B003BAFBA /* CluesBinaryTreeVC.m in Sources */ = {isa = PBXBuildFile; fileRef = 18098A4022BCCF6B003BAFBA /* CluesBinaryTreeVC.m */; };
		180C82D8223890F10092EBF0 /* FunctionVC.m in Sources */ = {isa = PBXBuildFile; fileRef = 180C82D7223890F10092EBF0 /* FunctionVC.m */; };
		180C82DB2238910D0092EBF0 /* BuriesPointTestVC.m in Sources */ = {isa = PBXBuildFile; fileRef = 180C82DA2238910D0092EBF0 /* BuriesPointTestVC.m */; };
		180F1970225C348A00F62A8C /* TimeComplexityVC.m in Sources */ = {isa = PBXBuildFile; fileRef = 180F196F225C348A00F62A8C /* TimeComplexityVC.m */; };
		180F1976225C49D200F62A8C /* MainLinearTableVC.m in Sources */ = {isa = PBXBuildFile; fileRef = 180F1975225C49D200F62A8C /* MainLinearTableVC.m */; };
		180F1979225C4A4D00F62A8C /* DefineLinearTableVC.m in Sources */ = {isa = PBXBuildFile; fileRef = 180F1978225C4A4D00F62A8C /* DefineLinearTableVC.m */; };
		1814E89E2293E8D5006A892C /* StackVC.m in Sources */ = {isa = PBXBuildFile; fileRef = 1814E89D2293E8D5006A892C /* StackVC.m */; };
		1814E8A12293E919006A892C /* MainStackTempVC.m in Sources */ = {isa = PBXBuildFile; fileRef = 1814E8A02293E919006A892C /* MainStackTempVC.m */; };
		181F31912230BDDB0098E099 /* AppDelegate.m in Sources */ = {isa = PBXBuildFile; fileRef = 181F31902230BDDB0098E099 /* AppDelegate.m */; };
		181F31942230BDDB0098E099 /* ViewController.m in Sources */ = {isa = PBXBuildFile; fileRef = 181F31932230BDDB0098E099 /* ViewController.m */; };
		181F31972230BDDB0098E099 /* Main.storyboard in Resources */ = {isa = PBXBuildFile; fileRef = 181F31952230BDDB0098E099 /* Main.storyboard */; };
		181F319C2230BDDD0098E099 /* LaunchScreen.storyboard in Resources */ = {isa = PBXBuildFile; fileRef = 181F319A2230BDDD0098E099 /* LaunchScreen.storyboard */; };
		181F319F2230BDDD0098E099 /* main.m in Sources */ = {isa = PBXBuildFile; fileRef = 181F319E2230BDDD0098E099 /* main.m */; };
		181F31A92230BDDD0098E099 /* LearnObjectiveCTests.m in Sources */ = {isa = PBXBuildFile; fileRef = 181F31A82230BDDD0098E099 /* LearnObjectiveCTests.m */; };
		181F31B42230BDDD0098E099 /* LearnObjectiveCUITests.m in Sources */ = {isa = PBXBuildFile; fileRef = 181F31B32230BDDD0098E099 /* LearnObjectiveCUITests.m */; };
		181F31CD2230C3530098E099 /* BaseViewController.m in Sources */ = {isa = PBXBuildFile; fileRef = 181F31CC2230C3530098E099 /* BaseViewController.m */; };
		181F31D12230C44A0098E099 /* MyTableViewVC.m in Sources */ = {isa = PBXBuildFile; fileRef = 181F31D02230C44A0098E099 /* MyTableViewVC.m */; };
		181F31D52230C5FA0098E099 /* MyTableReFreshVC.m in Sources */ = {isa = PBXBuildFile; fileRef = 181F31D42230C5FA0098E099 /* MyTableReFreshVC.m */; };
		181F31DA2230E7890098E099 /* ErrorCodeExampleVC.m in Sources */ = {isa = PBXBuildFile; fileRef = 181F31D92230E7890098E099 /* ErrorCodeExampleVC.m */; };
		181F31DE2230EA940098E099 /* BAD_ACCESS_VC.m in Sources */ = {isa = PBXBuildFile; fileRef = 181F31DD2230EA940098E099 /* BAD_ACCESS_VC.m */; };
		181F31E7223111A20098E099 /* RunLoopMainVC.m in Sources */ = {isa = PBXBuildFile; fileRef = 181F31E6223111A20098E099 /* RunLoopMainVC.m */; };
		181F31EA223111AD0098E099 /* RunTimeMainVC.m in Sources */ = {isa = PBXBuildFile; fileRef = 181F31E9223111AD0098E099 /* RunTimeMainVC.m */; };
		181F31F522311A730098E099 /* KVO_VC.m in Sources */ = {isa = PBXBuildFile; fileRef = 181F31F422311A730098E099 /* KVO_VC.m */; };
		183ADC582235EFE200ADB09B /* KVC_Model.m in Sources */ = {isa = PBXBuildFile; fileRef = 183ADC552235EFE200ADB09B /* KVC_Model.m */; };
		183ADC592235EFE200ADB09B /* KVC_VC.m in Sources */ = {isa = PBXBuildFile; fileRef = 183ADC572235EFE200ADB09B /* KVC_VC.m */; };
		183ADC5E2235FABA00ADB09B /* AutoreleasePoolVC.mm in Sources */ = {isa = PBXBuildFile; fileRef = 183ADC5D2235FABA00ADB09B /* AutoreleasePoolVC.mm */; };
		183ADC622235FED100ADB09B /* ArrayRemoveVC.m in Sources */ = {isa = PBXBuildFile; fileRef = 183ADC612235FED100ADB09B /* ArrayRemoveVC.m */; };
		183ADC6722360FD800ADB09B /* FactoryDesignVC.m in Sources */ = {isa = PBXBuildFile; fileRef = 183ADC6622360FD800ADB09B /* FactoryDesignVC.m */; };
		183ADC6B2236100E00ADB09B /* DesignMainVC.m in Sources */ = {isa = PBXBuildFile; fileRef = 183ADC6A2236100E00ADB09B /* DesignMainVC.m */; };
		183C6330228BF748002CDDB2 /* AutoreleasePool.mm in Sources */ = {isa = PBXBuildFile; fileRef = 183C632E228BF748002CDDB2 /* AutoreleasePool.mm */; };
		1846836522320CB90032A4EE /* MemoryMainVC.m in Sources */ = {isa = PBXBuildFile; fileRef = 1846836422320CB90032A4EE /* MemoryMainVC.m */; };
		1846836822320CCA0032A4EE /* CopyTargetVC.m in Sources */ = {isa = PBXBuildFile; fileRef = 1846836722320CCA0032A4EE /* CopyTargetVC.m */; };
		1846836B2232463B0032A4EE /* KVO_AimModel.m in Sources */ = {isa = PBXBuildFile; fileRef = 1846836A2232463B0032A4EE /* KVO_AimModel.m */; };
		18481320223A218300C566D5 /* MVCController.m in Sources */ = {isa = PBXBuildFile; fileRef = 1848131F223A218300C566D5 /* MVCController.m */; };
		18481323223A21A300C566D5 /* MVC_Model.m in Sources */ = {isa = PBXBuildFile; fileRef = 18481322223A21A300C566D5 /* MVC_Model.m */; };
		18481326223A21B600C566D5 /* MVC_View.m in Sources */ = {isa = PBXBuildFile; fileRef = 18481325223A21B600C566D5 /* MVC_View.m */; };
		185AF0432297DA7400E065EF /* GCDVC.m in Sources */ = {isa = PBXBuildFile; fileRef = 185AF0422297DA7400E065EF /* GCDVC.m */; };
		1879F3C622895D1D00C48D34 /* Person.m in Sources */ = {isa = PBXBuildFile; fileRef = 1879F3C422895D1C00C48D34 /* Person.m */; };
		187C3EE0228166E5000F205C /* CircularLinkedListVC.m in Sources */ = {isa = PBXBuildFile; fileRef = 187C3EDF228166E5000F205C /* CircularLinkedListVC.m */; };
		187C3EE322816716000F205C /* BothWayLinkListVC.m in Sources */ = {isa = PBXBuildFile; fileRef = 187C3EE222816716000F205C /* BothWayLinkListVC.m */; };
		1892AE2622D4255C00F4E007 /* AdjacentMatrixVC.m in Sources */ = {isa = PBXBuildFile; fileRef = 1892AE2522D4255C00F4E007 /* AdjacentMatrixVC.m */; };
		189B850A229B71EE002DBEC2 /* StringVC.m in Sources */ = {isa = PBXBuildFile; fileRef = 189B8509229B71EE002DBEC2 /* StringVC.m */; };
		189B850E229B722A002DBEC2 /* MainStringVC.m in Sources */ = {isa = PBXBuildFile; fileRef = 189B850D229B722A002DBEC2 /* MainStringVC.m */; };
		189B8512229B7A0F002DBEC2 /* StoreOfStringVC.m in Sources */ = {isa = PBXBuildFile; fileRef = 189B8511229B7A0F002DBEC2 /* StoreOfStringVC.m */; };
		189B8516229B8317002DBEC2 /* KMPMatchVC.m in Sources */ = {isa = PBXBuildFile; fileRef = 189B8515229B8317002DBEC2 /* KMPMatchVC.m */; };
		189F68B722A617DE001F6D6F /* MainTreeVC.m in Sources */ = {isa = PBXBuildFile; fileRef = 189F68B622A617DE001F6D6F /* MainTreeVC.m */; };
		18AF150922C9AA450048732F /* MainGraphVC.m in Sources */ = {isa = PBXBuildFile; fileRef = 18AF150822C9AA450048732F /* MainGraphVC.m */; };
		18AF150D22C9AB150048732F /* DefineGraphVC.m in Sources */ = {isa = PBXBuildFile; fileRef = 18AF150C22C9AB150048732F /* DefineGraphVC.m */; };
		18AFB14022D703A400C78822 /* FigureOutLayoutVC.m in Sources */ = {isa = PBXBuildFile; fileRef = 18AFB13F22D703A400C78822 /* FigureOutLayoutVC.m */; };
		18AFB14322D7042F00C78822 /* LayOutCell.m in Sources */ = {isa = PBXBuildFile; fileRef = 18AFB14222D7042F00C78822 /* LayOutCell.m */; };
		18AFB14722D709F200C78822 /* UITableViewCell+Extention.m in Sources */ = {isa = PBXBuildFile; fileRef = 18AFB14622D709F200C78822 /* UITableViewCell+Extention.m */; };
		18AFB14F22D73B1400C78822 /* AdjacencyListVC.m in Sources */ = {isa = PBXBuildFile; fileRef = 18AFB14E22D73B1400C78822 /* AdjacencyListVC.m */; };
		18D412A322768D7900DF7815 /* SQListSequentialListVC.m in Sources */ = {isa = PBXBuildFile; fileRef = 18D412A222768D7900DF7815 /* SQListSequentialListVC.m */; };
		18D412AA2276A66400DF7815 /* SQListLinkedStorageVC.m in Sources */ = {isa = PBXBuildFile; fileRef = 18D412A92276A66400DF7815 /* SQListLinkedStorageVC.m */; };
		18DE584322A7AE3100668BDD /* BinaryTreeDefineVC.m in Sources */ = {isa = PBXBuildFile; fileRef = 18DE584222A7AE3100668BDD /* BinaryTreeDefineVC.m */; };
		18E247DA2296773200B8AF63 /* QueueVC.m in Sources */ = {isa = PBXBuildFile; fileRef = 18E247D92296773200B8AF63 /* QueueVC.m */; };
		18E4DAB622DDACAC00DD5829 /* CurbTableVC.m in Sources */ = {isa = PBXBuildFile; fileRef = 18E4DAB522DDACAC00DD5829 /* CurbTableVC.m */; };
		18E523022277DDDE001DAA3A /* BaseDataStructureVC.m in Sources */ = {isa = PBXBuildFile; fileRef = 18E523012277DDDE001DAA3A /* BaseDataStructureVC.m */; };
		18E5ADE422B8BD0E009E1EA6 /* BinaryTreeStoreVC.m in Sources */ = {isa = PBXBuildFile; fileRef = 18E5ADE322B8BD0E009E1EA6 /* BinaryTreeStoreVC.m */; };
		18ED2503225AE95A00006116 /* MainStructureVC.m in Sources */ = {isa = PBXBuildFile; fileRef = 18ED2502225AE95A00006116 /* MainStructureVC.m */; };
		18FBA88D22E03EAC00E0B1F9 /* ADJacencyMultiplelistVC.m in Sources */ = {isa = PBXBuildFile; fileRef = 18FBA88C22E03EAC00E0B1F9 /* ADJacencyMultiplelistVC.m */; };
		18FBA89222E042CD00E0B1F9 /* EdgeListVC.m in Sources */ = {isa = PBXBuildFile; fileRef = 18FBA89122E042CD00E0B1F9 /* EdgeListVC.m */; };
		18FBA89622E0479900E0B1F9 /* DepthFirstSeachVC.m in Sources */ = {isa = PBXBuildFile; fileRef = 18FBA89522E0479900E0B1F9 /* DepthFirstSeachVC.m */; };
		18FEC62922374E9900313854 /* MessageTransmitVC.m in Sources */ = {isa = PBXBuildFile; fileRef = 18FEC62822374E9900313854 /* MessageTransmitVC.m */; };
		18FEC62C22374EE200313854 /* TransmitObject.m in Sources */ = {isa = PBXBuildFile; fileRef = 18FEC62B22374EE200313854 /* TransmitObject.m */; };
		18FEC63022377E7500313854 /* ArrayBoundsVC.m in Sources */ = {isa = PBXBuildFile; fileRef = 18FEC62F22377E7500313854 /* ArrayBoundsVC.m */; };
		18FEC63922377ED300313854 /* NSArray+ErrorHandle.m in Sources */ = {isa = PBXBuildFile; fileRef = 18FEC63422377ED300313854 /* NSArray+ErrorHandle.m */; };
		18FEC63A22377ED300313854 /* NSMutableArray+ErrorHandle.m in Sources */ = {isa = PBXBuildFile; fileRef = 18FEC63622377ED300313854 /* NSMutableArray+ErrorHandle.m */; };
		18FEC63B22377ED300313854 /* NSObject+SwizzleMethod.m in Sources */ = {isa = PBXBuildFile; fileRef = 18FEC63822377ED300313854 /* NSObject+SwizzleMethod.m */; };
		18FEC63E2237801500313854 /* BoundsNextVC.m in Sources */ = {isa = PBXBuildFile; fileRef = 18FEC63D2237801500313854 /* BoundsNextVC.m */; };
		550B4DF52287B07900417CA5 /* Animal.m in Sources */ = {isa = PBXBuildFile; fileRef = 550B4DF42287B07900417CA5 /* Animal.m */; };
		551662962256F2A20058C9F1 /* ImageMessageVC.m in Sources */ = {isa = PBXBuildFile; fileRef = 551662952256F2A20058C9F1 /* ImageMessageVC.m */; };
		5516629B2256F6F40058C9F1 /* NSDictionary+CLLocation.m in Sources */ = {isa = PBXBuildFile; fileRef = 5516629A2256F6F40058C9F1 /* NSDictionary+CLLocation.m */; };
		5516629F2256F75C0058C9F1 /* GeoCoding.m in Sources */ = {isa = PBXBuildFile; fileRef = 5516629E2256F75C0058C9F1 /* GeoCoding.m */; };
		551662A42256FA610058C9F1 /* UILabel+Extenion.m in Sources */ = {isa = PBXBuildFile; fileRef = 551662A32256FA610058C9F1 /* UILabel+Extenion.m */; };
		551662A72256FA770058C9F1 /* UIButton+Extenion.m in Sources */ = {isa = PBXBuildFile; fileRef = 551662A62256FA770058C9F1 /* UIButton+Extenion.m */; };
		551662AB2257014E0058C9F1 /* Assets.xcassets in Resources */ = {isa = PBXBuildFile; fileRef = 551662AA2257014E0058C9F1 /* Assets.xcassets */; };
		919735996E7228FD6C736DD0 /* libPods-LearnObjectiveCUITests.a in Frameworks */ = {isa = PBXBuildFile; fileRef = 4947D508C763C6A7F9AB609C /* libPods-LearnObjectiveCUITests.a */; };
		98BEB752F35B782F968A28C1 /* libPods-LearnObjectiveC.a in Frameworks */ = {isa = PBXBuildFile; fileRef = 38E4C8AE55DD99ABC5D96520 /* libPods-LearnObjectiveC.a */; };
		BC9A8EB5F33AEAD001DAB123 /* libPods-LearnObjectiveCTests.a in Frameworks */ = {isa = PBXBuildFile; fileRef = D8E40F4D024E57FB0808C251 /* libPods-LearnObjectiveCTests.a */; };
/* End PBXBuildFile section */

/* Begin PBXContainerItemProxy section */
		181F31A52230BDDD0098E099 /* PBXContainerItemProxy */ = {
			isa = PBXContainerItemProxy;
			containerPortal = 181F31842230BDDB0098E099 /* Project object */;
			proxyType = 1;
			remoteGlobalIDString = 181F318B2230BDDB0098E099;
			remoteInfo = LearnObjectiveC;
		};
		181F31B02230BDDD0098E099 /* PBXContainerItemProxy */ = {
			isa = PBXContainerItemProxy;
			containerPortal = 181F31842230BDDB0098E099 /* Project object */;
			proxyType = 1;
			remoteGlobalIDString = 181F318B2230BDDB0098E099;
			remoteInfo = LearnObjectiveC;
		};
/* End PBXContainerItemProxy section */

/* Begin PBXFileReference section */
		0AEFD4F2AC48ADFBBE8E1805 /* Pods-LearnObjectiveCUITests.release.xcconfig */ = {isa = PBXFileReference; includeInIndex = 1; lastKnownFileType = text.xcconfig; name = "Pods-LearnObjectiveCUITests.release.xcconfig"; path = "Pods/Target Support Files/Pods-LearnObjectiveCUITests/Pods-LearnObjectiveCUITests.release.xcconfig"; sourceTree = "<group>"; };
		0CC6282705465E117CA14B2F /* Pods-LearnObjectiveCTests.debug.xcconfig */ = {isa = PBXFileReference; includeInIndex = 1; lastKnownFileType = text.xcconfig; name = "Pods-LearnObjectiveCTests.debug.xcconfig"; path = "Pods/Target Support Files/Pods-LearnObjectiveCTests/Pods-LearnObjectiveCTests.debug.xcconfig"; sourceTree = "<group>"; };
		18098A3F22BCCF6B003BAFBA /* CluesBinaryTreeVC.h */ = {isa = PBXFileReference; lastKnownFileType = sourcecode.c.h; path = CluesBinaryTreeVC.h; sourceTree = "<group>"; };
		18098A4022BCCF6B003BAFBA /* CluesBinaryTreeVC.m */ = {isa = PBXFileReference; lastKnownFileType = sourcecode.c.objc; path = CluesBinaryTreeVC.m; sourceTree = "<group>"; };
		180C82D6223890F10092EBF0 /* FunctionVC.h */ = {isa = PBXFileReference; lastKnownFileType = sourcecode.c.h; path = FunctionVC.h; sourceTree = "<group>"; };
		180C82D7223890F10092EBF0 /* FunctionVC.m */ = {isa = PBXFileReference; lastKnownFileType = sourcecode.c.objc; path = FunctionVC.m; sourceTree = "<group>"; };
		180C82D92238910D0092EBF0 /* BuriesPointTestVC.h */ = {isa = PBXFileReference; lastKnownFileType = sourcecode.c.h; path = BuriesPointTestVC.h; sourceTree = "<group>"; };
		180C82DA2238910D0092EBF0 /* BuriesPointTestVC.m */ = {isa = PBXFileReference; lastKnownFileType = sourcecode.c.objc; path = BuriesPointTestVC.m; sourceTree = "<group>"; };
		180F196E225C348A00F62A8C /* TimeComplexityVC.h */ = {isa = PBXFileReference; lastKnownFileType = sourcecode.c.h; path = TimeComplexityVC.h; sourceTree = "<group>"; };
		180F196F225C348A00F62A8C /* TimeComplexityVC.m */ = {isa = PBXFileReference; lastKnownFileType = sourcecode.c.objc; path = TimeComplexityVC.m; sourceTree = "<group>"; };
		180F1974225C49D200F62A8C /* MainLinearTableVC.h */ = {isa = PBXFileReference; lastKnownFileType = sourcecode.c.h; path = MainLinearTableVC.h; sourceTree = "<group>"; };
		180F1975225C49D200F62A8C /* MainLinearTableVC.m */ = {isa = PBXFileReference; lastKnownFileType = sourcecode.c.objc; path = MainLinearTableVC.m; sourceTree = "<group>"; };
		180F1977225C4A4D00F62A8C /* DefineLinearTableVC.h */ = {isa = PBXFileReference; lastKnownFileType = sourcecode.c.h; path = DefineLinearTableVC.h; sourceTree = "<group>"; };
		180F1978225C4A4D00F62A8C /* DefineLinearTableVC.m */ = {isa = PBXFileReference; lastKnownFileType = sourcecode.c.objc; path = DefineLinearTableVC.m; sourceTree = "<group>"; };
		1814E89C2293E8D5006A892C /* StackVC.h */ = {isa = PBXFileReference; fileEncoding = 4; lastKnownFileType = sourcecode.c.h; path = StackVC.h; sourceTree = "<group>"; };
		1814E89D2293E8D5006A892C /* StackVC.m */ = {isa = PBXFileReference; fileEncoding = 4; lastKnownFileType = sourcecode.c.objc; path = StackVC.m; sourceTree = "<group>"; };
		1814E89F2293E919006A892C /* MainStackTempVC.h */ = {isa = PBXFileReference; lastKnownFileType = sourcecode.c.h; path = MainStackTempVC.h; sourceTree = "<group>"; };
		1814E8A02293E919006A892C /* MainStackTempVC.m */ = {isa = PBXFileReference; lastKnownFileType = sourcecode.c.objc; path = MainStackTempVC.m; sourceTree = "<group>"; };
		181F318C2230BDDB0098E099 /* LearnObjectiveC.app */ = {isa = PBXFileReference; explicitFileType = wrapper.application; includeInIndex = 0; path = LearnObjectiveC.app; sourceTree = BUILT_PRODUCTS_DIR; };
		181F318F2230BDDB0098E099 /* AppDelegate.h */ = {isa = PBXFileReference; lastKnownFileType = sourcecode.c.h; path = AppDelegate.h; sourceTree = "<group>"; };
		181F31902230BDDB0098E099 /* AppDelegate.m */ = {isa = PBXFileReference; lastKnownFileType = sourcecode.c.objc; path = AppDelegate.m; sourceTree = "<group>"; };
		181F31922230BDDB0098E099 /* ViewController.h */ = {isa = PBXFileReference; lastKnownFileType = sourcecode.c.h; path = ViewController.h; sourceTree = "<group>"; };
		181F31932230BDDB0098E099 /* ViewController.m */ = {isa = PBXFileReference; lastKnownFileType = sourcecode.c.objc; path = ViewController.m; sourceTree = "<group>"; };
		181F31962230BDDB0098E099 /* Base */ = {isa = PBXFileReference; lastKnownFileType = file.storyboard; name = Base; path = Base.lproj/Main.storyboard; sourceTree = "<group>"; };
		181F319B2230BDDD0098E099 /* Base */ = {isa = PBXFileReference; lastKnownFileType = file.storyboard; name = Base; path = Base.lproj/LaunchScreen.storyboard; sourceTree = "<group>"; };
		181F319D2230BDDD0098E099 /* Info.plist */ = {isa = PBXFileReference; lastKnownFileType = text.plist.xml; path = Info.plist; sourceTree = "<group>"; };
		181F319E2230BDDD0098E099 /* main.m */ = {isa = PBXFileReference; lastKnownFileType = sourcecode.c.objc; path = main.m; sourceTree = "<group>"; };
		181F31A42230BDDD0098E099 /* LearnObjectiveCTests.xctest */ = {isa = PBXFileReference; explicitFileType = wrapper.cfbundle; includeInIndex = 0; path = LearnObjectiveCTests.xctest; sourceTree = BUILT_PRODUCTS_DIR; };
		181F31A82230BDDD0098E099 /* LearnObjectiveCTests.m */ = {isa = PBXFileReference; lastKnownFileType = sourcecode.c.objc; path = LearnObjectiveCTests.m; sourceTree = "<group>"; };
		181F31AA2230BDDD0098E099 /* Info.plist */ = {isa = PBXFileReference; lastKnownFileType = text.plist.xml; path = Info.plist; sourceTree = "<group>"; };
		181F31AF2230BDDD0098E099 /* LearnObjectiveCUITests.xctest */ = {isa = PBXFileReference; explicitFileType = wrapper.cfbundle; includeInIndex = 0; path = LearnObjectiveCUITests.xctest; sourceTree = BUILT_PRODUCTS_DIR; };
		181F31B32230BDDD0098E099 /* LearnObjectiveCUITests.m */ = {isa = PBXFileReference; lastKnownFileType = sourcecode.c.objc; path = LearnObjectiveCUITests.m; sourceTree = "<group>"; };
		181F31B52230BDDD0098E099 /* Info.plist */ = {isa = PBXFileReference; lastKnownFileType = text.plist.xml; path = Info.plist; sourceTree = "<group>"; };
		181F31C22230C0580098E099 /* Header.pch */ = {isa = PBXFileReference; lastKnownFileType = sourcecode.c.h; path = Header.pch; sourceTree = "<group>"; };
		181F31C32230C0890098E099 /* MacroDefinition.h */ = {isa = PBXFileReference; lastKnownFileType = sourcecode.c.h; path = MacroDefinition.h; sourceTree = "<group>"; };
		181F31C42230C1B20098E099 /* ConfigurationConst.h */ = {isa = PBXFileReference; lastKnownFileType = sourcecode.c.h; path = ConfigurationConst.h; sourceTree = "<group>"; };
		181F31CB2230C3530098E099 /* BaseViewController.h */ = {isa = PBXFileReference; lastKnownFileType = sourcecode.c.h; path = BaseViewController.h; sourceTree = "<group>"; };
		181F31CC2230C3530098E099 /* BaseViewController.m */ = {isa = PBXFileReference; lastKnownFileType = sourcecode.c.objc; path = BaseViewController.m; sourceTree = "<group>"; };
		181F31CF2230C44A0098E099 /* MyTableViewVC.h */ = {isa = PBXFileReference; lastKnownFileType = sourcecode.c.h; path = MyTableViewVC.h; sourceTree = "<group>"; };
		181F31D02230C44A0098E099 /* MyTableViewVC.m */ = {isa = PBXFileReference; lastKnownFileType = sourcecode.c.objc; path = MyTableViewVC.m; sourceTree = "<group>"; };
		181F31D32230C5FA0098E099 /* MyTableReFreshVC.h */ = {isa = PBXFileReference; lastKnownFileType = sourcecode.c.h; path = MyTableReFreshVC.h; sourceTree = "<group>"; };
		181F31D42230C5FA0098E099 /* MyTableReFreshVC.m */ = {isa = PBXFileReference; lastKnownFileType = sourcecode.c.objc; path = MyTableReFreshVC.m; sourceTree = "<group>"; };
		181F31D82230E7890098E099 /* ErrorCodeExampleVC.h */ = {isa = PBXFileReference; lastKnownFileType = sourcecode.c.h; path = ErrorCodeExampleVC.h; sourceTree = "<group>"; };
		181F31D92230E7890098E099 /* ErrorCodeExampleVC.m */ = {isa = PBXFileReference; lastKnownFileType = sourcecode.c.objc; path = ErrorCodeExampleVC.m; sourceTree = "<group>"; };
		181F31DC2230EA940098E099 /* BAD_ACCESS_VC.h */ = {isa = PBXFileReference; lastKnownFileType = sourcecode.c.h; path = BAD_ACCESS_VC.h; sourceTree = "<group>"; };
		181F31DD2230EA940098E099 /* BAD_ACCESS_VC.m */ = {isa = PBXFileReference; lastKnownFileType = sourcecode.c.objc; path = BAD_ACCESS_VC.m; sourceTree = "<group>"; };
		181F31E5223111A20098E099 /* RunLoopMainVC.h */ = {isa = PBXFileReference; lastKnownFileType = sourcecode.c.h; path = RunLoopMainVC.h; sourceTree = "<group>"; };
		181F31E6223111A20098E099 /* RunLoopMainVC.m */ = {isa = PBXFileReference; lastKnownFileType = sourcecode.c.objc; path = RunLoopMainVC.m; sourceTree = "<group>"; };
		181F31E8223111AD0098E099 /* RunTimeMainVC.h */ = {isa = PBXFileReference; lastKnownFileType = sourcecode.c.h; path = RunTimeMainVC.h; sourceTree = "<group>"; };
		181F31E9223111AD0098E099 /* RunTimeMainVC.m */ = {isa = PBXFileReference; lastKnownFileType = sourcecode.c.objc; path = RunTimeMainVC.m; sourceTree = "<group>"; };
		181F31F322311A730098E099 /* KVO_VC.h */ = {isa = PBXFileReference; lastKnownFileType = sourcecode.c.h; path = KVO_VC.h; sourceTree = "<group>"; };
		181F31F422311A730098E099 /* KVO_VC.m */ = {isa = PBXFileReference; lastKnownFileType = sourcecode.c.objc; path = KVO_VC.m; sourceTree = "<group>"; };
		183ADC542235EFE200ADB09B /* KVC_Model.h */ = {isa = PBXFileReference; fileEncoding = 4; lastKnownFileType = sourcecode.c.h; path = KVC_Model.h; sourceTree = "<group>"; };
		183ADC552235EFE200ADB09B /* KVC_Model.m */ = {isa = PBXFileReference; fileEncoding = 4; lastKnownFileType = sourcecode.c.objc; path = KVC_Model.m; sourceTree = "<group>"; };
		183ADC562235EFE200ADB09B /* KVC_VC.h */ = {isa = PBXFileReference; fileEncoding = 4; lastKnownFileType = sourcecode.c.h; path = KVC_VC.h; sourceTree = "<group>"; };
		183ADC572235EFE200ADB09B /* KVC_VC.m */ = {isa = PBXFileReference; fileEncoding = 4; lastKnownFileType = sourcecode.c.objc; path = KVC_VC.m; sourceTree = "<group>"; };
		183ADC5C2235FABA00ADB09B /* AutoreleasePoolVC.h */ = {isa = PBXFileReference; lastKnownFileType = sourcecode.c.h; path = AutoreleasePoolVC.h; sourceTree = "<group>"; };
		183ADC5D2235FABA00ADB09B /* AutoreleasePoolVC.mm */ = {isa = PBXFileReference; lastKnownFileType = sourcecode.cpp.objcpp; path = AutoreleasePoolVC.mm; sourceTree = "<group>"; };
		183ADC602235FED100ADB09B /* ArrayRemoveVC.h */ = {isa = PBXFileReference; lastKnownFileType = sourcecode.c.h; path = ArrayRemoveVC.h; sourceTree = "<group>"; };
		183ADC612235FED100ADB09B /* ArrayRemoveVC.m */ = {isa = PBXFileReference; lastKnownFileType = sourcecode.c.objc; path = ArrayRemoveVC.m; sourceTree = "<group>"; };
		183ADC6522360FD800ADB09B /* FactoryDesignVC.h */ = {isa = PBXFileReference; lastKnownFileType = sourcecode.c.h; path = FactoryDesignVC.h; sourceTree = "<group>"; };
		183ADC6622360FD800ADB09B /* FactoryDesignVC.m */ = {isa = PBXFileReference; lastKnownFileType = sourcecode.c.objc; path = FactoryDesignVC.m; sourceTree = "<group>"; };
		183ADC692236100E00ADB09B /* DesignMainVC.h */ = {isa = PBXFileReference; lastKnownFileType = sourcecode.c.h; path = DesignMainVC.h; sourceTree = "<group>"; };
		183ADC6A2236100E00ADB09B /* DesignMainVC.m */ = {isa = PBXFileReference; lastKnownFileType = sourcecode.c.objc; path = DesignMainVC.m; sourceTree = "<group>"; };
		183C632E228BF748002CDDB2 /* AutoreleasePool.mm */ = {isa = PBXFileReference; lastKnownFileType = sourcecode.cpp.objcpp; path = AutoreleasePool.mm; sourceTree = "<group>"; };
		183C632F228BF748002CDDB2 /* AutoreleasePool.hpp */ = {isa = PBXFileReference; lastKnownFileType = sourcecode.cpp.h; path = AutoreleasePool.hpp; sourceTree = "<group>"; };
		1846836322320CB90032A4EE /* MemoryMainVC.h */ = {isa = PBXFileReference; lastKnownFileType = sourcecode.c.h; path = MemoryMainVC.h; sourceTree = "<group>"; };
		1846836422320CB90032A4EE /* MemoryMainVC.m */ = {isa = PBXFileReference; lastKnownFileType = sourcecode.c.objc; path = MemoryMainVC.m; sourceTree = "<group>"; };
		1846836622320CCA0032A4EE /* CopyTargetVC.h */ = {isa = PBXFileReference; lastKnownFileType = sourcecode.c.h; path = CopyTargetVC.h; sourceTree = "<group>"; };
		1846836722320CCA0032A4EE /* CopyTargetVC.m */ = {isa = PBXFileReference; lastKnownFileType = sourcecode.c.objc; path = CopyTargetVC.m; sourceTree = "<group>"; };
		184683692232463B0032A4EE /* KVO_AimModel.h */ = {isa = PBXFileReference; lastKnownFileType = sourcecode.c.h; path = KVO_AimModel.h; sourceTree = "<group>"; };
		1846836A2232463B0032A4EE /* KVO_AimModel.m */ = {isa = PBXFileReference; lastKnownFileType = sourcecode.c.objc; path = KVO_AimModel.m; sourceTree = "<group>"; };
		1848131E223A218300C566D5 /* MVCController.h */ = {isa = PBXFileReference; lastKnownFileType = sourcecode.c.h; path = MVCController.h; sourceTree = "<group>"; };
		1848131F223A218300C566D5 /* MVCController.m */ = {isa = PBXFileReference; lastKnownFileType = sourcecode.c.objc; path = MVCController.m; sourceTree = "<group>"; };
		18481321223A21A300C566D5 /* MVC_Model.h */ = {isa = PBXFileReference; lastKnownFileType = sourcecode.c.h; path = MVC_Model.h; sourceTree = "<group>"; };
		18481322223A21A300C566D5 /* MVC_Model.m */ = {isa = PBXFileReference; lastKnownFileType = sourcecode.c.objc; path = MVC_Model.m; sourceTree = "<group>"; };
		18481324223A21B600C566D5 /* MVC_View.h */ = {isa = PBXFileReference; lastKnownFileType = sourcecode.c.h; path = MVC_View.h; sourceTree = "<group>"; };
		18481325223A21B600C566D5 /* MVC_View.m */ = {isa = PBXFileReference; lastKnownFileType = sourcecode.c.objc; path = MVC_View.m; sourceTree = "<group>"; };
		185AF0412297DA7400E065EF /* GCDVC.h */ = {isa = PBXFileReference; lastKnownFileType = sourcecode.c.h; path = GCDVC.h; sourceTree = "<group>"; };
		185AF0422297DA7400E065EF /* GCDVC.m */ = {isa = PBXFileReference; lastKnownFileType = sourcecode.c.objc; path = GCDVC.m; sourceTree = "<group>"; };
		1879F3C422895D1C00C48D34 /* Person.m */ = {isa = PBXFileReference; fileEncoding = 4; lastKnownFileType = sourcecode.c.objc; path = Person.m; sourceTree = "<group>"; };
		1879F3C522895D1D00C48D34 /* Person.h */ = {isa = PBXFileReference; fileEncoding = 4; lastKnownFileType = sourcecode.c.h; path = Person.h; sourceTree = "<group>"; };
		187C3EDE228166E5000F205C /* CircularLinkedListVC.h */ = {isa = PBXFileReference; lastKnownFileType = sourcecode.c.h; path = CircularLinkedListVC.h; sourceTree = "<group>"; };
		187C3EDF228166E5000F205C /* CircularLinkedListVC.m */ = {isa = PBXFileReference; lastKnownFileType = sourcecode.c.objc; path = CircularLinkedListVC.m; sourceTree = "<group>"; };
		187C3EE122816716000F205C /* BothWayLinkListVC.h */ = {isa = PBXFileReference; lastKnownFileType = sourcecode.c.h; path = BothWayLinkListVC.h; sourceTree = "<group>"; };
		187C3EE222816716000F205C /* BothWayLinkListVC.m */ = {isa = PBXFileReference; lastKnownFileType = sourcecode.c.objc; path = BothWayLinkListVC.m; sourceTree = "<group>"; };
		1892AE2422D4255C00F4E007 /* AdjacentMatrixVC.h */ = {isa = PBXFileReference; lastKnownFileType = sourcecode.c.h; path = AdjacentMatrixVC.h; sourceTree = "<group>"; };
		1892AE2522D4255C00F4E007 /* AdjacentMatrixVC.m */ = {isa = PBXFileReference; lastKnownFileType = sourcecode.c.objc; path = AdjacentMatrixVC.m; sourceTree = "<group>"; };
		189B8508229B71EE002DBEC2 /* StringVC.h */ = {isa = PBXFileReference; lastKnownFileType = sourcecode.c.h; path = StringVC.h; sourceTree = "<group>"; };
		189B8509229B71EE002DBEC2 /* StringVC.m */ = {isa = PBXFileReference; lastKnownFileType = sourcecode.c.objc; path = StringVC.m; sourceTree = "<group>"; };
		189B850C229B722A002DBEC2 /* MainStringVC.h */ = {isa = PBXFileReference; lastKnownFileType = sourcecode.c.h; path = MainStringVC.h; sourceTree = "<group>"; };
		189B850D229B722A002DBEC2 /* MainStringVC.m */ = {isa = PBXFileReference; lastKnownFileType = sourcecode.c.objc; path = MainStringVC.m; sourceTree = "<group>"; };
		189B8510229B7A0F002DBEC2 /* StoreOfStringVC.h */ = {isa = PBXFileReference; lastKnownFileType = sourcecode.c.h; path = StoreOfStringVC.h; sourceTree = "<group>"; };
		189B8511229B7A0F002DBEC2 /* StoreOfStringVC.m */ = {isa = PBXFileReference; lastKnownFileType = sourcecode.c.objc; path = StoreOfStringVC.m; sourceTree = "<group>"; };
		189B8514229B8317002DBEC2 /* KMPMatchVC.h */ = {isa = PBXFileReference; lastKnownFileType = sourcecode.c.h; path = KMPMatchVC.h; sourceTree = "<group>"; };
		189B8515229B8317002DBEC2 /* KMPMatchVC.m */ = {isa = PBXFileReference; lastKnownFileType = sourcecode.c.objc; path = KMPMatchVC.m; sourceTree = "<group>"; };
		189F68B522A617DE001F6D6F /* MainTreeVC.h */ = {isa = PBXFileReference; lastKnownFileType = sourcecode.c.h; path = MainTreeVC.h; sourceTree = "<group>"; };
		189F68B622A617DE001F6D6F /* MainTreeVC.m */ = {isa = PBXFileReference; lastKnownFileType = sourcecode.c.objc; path = MainTreeVC.m; sourceTree = "<group>"; };
		18AF150722C9AA450048732F /* MainGraphVC.h */ = {isa = PBXFileReference; lastKnownFileType = sourcecode.c.h; path = MainGraphVC.h; sourceTree = "<group>"; };
		18AF150822C9AA450048732F /* MainGraphVC.m */ = {isa = PBXFileReference; lastKnownFileType = sourcecode.c.objc; path = MainGraphVC.m; sourceTree = "<group>"; };
		18AF150B22C9AB150048732F /* DefineGraphVC.h */ = {isa = PBXFileReference; lastKnownFileType = sourcecode.c.h; path = DefineGraphVC.h; sourceTree = "<group>"; };
		18AF150C22C9AB150048732F /* DefineGraphVC.m */ = {isa = PBXFileReference; lastKnownFileType = sourcecode.c.objc; path = DefineGraphVC.m; sourceTree = "<group>"; };
		18AFB13E22D703A400C78822 /* FigureOutLayoutVC.h */ = {isa = PBXFileReference; lastKnownFileType = sourcecode.c.h; path = FigureOutLayoutVC.h; sourceTree = "<group>"; };
		18AFB13F22D703A400C78822 /* FigureOutLayoutVC.m */ = {isa = PBXFileReference; lastKnownFileType = sourcecode.c.objc; path = FigureOutLayoutVC.m; sourceTree = "<group>"; };
		18AFB14122D7042F00C78822 /* LayOutCell.h */ = {isa = PBXFileReference; lastKnownFileType = sourcecode.c.h; path = LayOutCell.h; sourceTree = "<group>"; };
		18AFB14222D7042F00C78822 /* LayOutCell.m */ = {isa = PBXFileReference; lastKnownFileType = sourcecode.c.objc; path = LayOutCell.m; sourceTree = "<group>"; };
		18AFB14522D709F200C78822 /* UITableViewCell+Extention.h */ = {isa = PBXFileReference; lastKnownFileType = sourcecode.c.h; path = "UITableViewCell+Extention.h"; sourceTree = "<group>"; };
		18AFB14622D709F200C78822 /* UITableViewCell+Extention.m */ = {isa = PBXFileReference; lastKnownFileType = sourcecode.c.objc; path = "UITableViewCell+Extention.m"; sourceTree = "<group>"; };
		18AFB14D22D73B1400C78822 /* AdjacencyListVC.h */ = {isa = PBXFileReference; lastKnownFileType = sourcecode.c.h; path = AdjacencyListVC.h; sourceTree = "<group>"; };
		18AFB14E22D73B1400C78822 /* AdjacencyListVC.m */ = {isa = PBXFileReference; lastKnownFileType = sourcecode.c.objc; path = AdjacencyListVC.m; sourceTree = "<group>"; };
		18D412A122768D7900DF7815 /* SQListSequentialListVC.h */ = {isa = PBXFileReference; lastKnownFileType = sourcecode.c.h; path = SQListSequentialListVC.h; sourceTree = "<group>"; };
		18D412A222768D7900DF7815 /* SQListSequentialListVC.m */ = {isa = PBXFileReference; lastKnownFileType = sourcecode.c.objc; path = SQListSequentialListVC.m; sourceTree = "<group>"; };
		18D412A82276A66400DF7815 /* SQListLinkedStorageVC.h */ = {isa = PBXFileReference; lastKnownFileType = sourcecode.c.h; path = SQListLinkedStorageVC.h; sourceTree = "<group>"; };
		18D412A92276A66400DF7815 /* SQListLinkedStorageVC.m */ = {isa = PBXFileReference; lastKnownFileType = sourcecode.c.objc; path = SQListLinkedStorageVC.m; sourceTree = "<group>"; };
		18DE584122A7AE3100668BDD /* BinaryTreeDefineVC.h */ = {isa = PBXFileReference; lastKnownFileType = sourcecode.c.h; path = BinaryTreeDefineVC.h; sourceTree = "<group>"; };
		18DE584222A7AE3100668BDD /* BinaryTreeDefineVC.m */ = {isa = PBXFileReference; lastKnownFileType = sourcecode.c.objc; path = BinaryTreeDefineVC.m; sourceTree = "<group>"; };
		18E247D82296773200B8AF63 /* QueueVC.h */ = {isa = PBXFileReference; lastKnownFileType = sourcecode.c.h; path = QueueVC.h; sourceTree = "<group>"; };
		18E247D92296773200B8AF63 /* QueueVC.m */ = {isa = PBXFileReference; lastKnownFileType = sourcecode.c.objc; path = QueueVC.m; sourceTree = "<group>"; };
		18E4DAB422DDACAC00DD5829 /* CurbTableVC.h */ = {isa = PBXFileReference; lastKnownFileType = sourcecode.c.h; path = CurbTableVC.h; sourceTree = "<group>"; };
		18E4DAB522DDACAC00DD5829 /* CurbTableVC.m */ = {isa = PBXFileReference; lastKnownFileType = sourcecode.c.objc; path = CurbTableVC.m; sourceTree = "<group>"; };
		18E523002277DDDE001DAA3A /* BaseDataStructureVC.h */ = {isa = PBXFileReference; lastKnownFileType = sourcecode.c.h; path = BaseDataStructureVC.h; sourceTree = "<group>"; };
		18E523012277DDDE001DAA3A /* BaseDataStructureVC.m */ = {isa = PBXFileReference; lastKnownFileType = sourcecode.c.objc; path = BaseDataStructureVC.m; sourceTree = "<group>"; };
		18E5ADE222B8BD0E009E1EA6 /* BinaryTreeStoreVC.h */ = {isa = PBXFileReference; lastKnownFileType = sourcecode.c.h; path = BinaryTreeStoreVC.h; sourceTree = "<group>"; };
		18E5ADE322B8BD0E009E1EA6 /* BinaryTreeStoreVC.m */ = {isa = PBXFileReference; lastKnownFileType = sourcecode.c.objc; path = BinaryTreeStoreVC.m; sourceTree = "<group>"; };
		18ED2501225AE95A00006116 /* MainStructureVC.h */ = {isa = PBXFileReference; lastKnownFileType = sourcecode.c.h; path = MainStructureVC.h; sourceTree = "<group>"; };
		18ED2502225AE95A00006116 /* MainStructureVC.m */ = {isa = PBXFileReference; lastKnownFileType = sourcecode.c.objc; path = MainStructureVC.m; sourceTree = "<group>"; };
		18FBA88B22E03EAC00E0B1F9 /* ADJacencyMultiplelistVC.h */ = {isa = PBXFileReference; lastKnownFileType = sourcecode.c.h; path = ADJacencyMultiplelistVC.h; sourceTree = "<group>"; };
		18FBA88C22E03EAC00E0B1F9 /* ADJacencyMultiplelistVC.m */ = {isa = PBXFileReference; lastKnownFileType = sourcecode.c.objc; path = ADJacencyMultiplelistVC.m; sourceTree = "<group>"; };
		18FBA89022E042CD00E0B1F9 /* EdgeListVC.h */ = {isa = PBXFileReference; lastKnownFileType = sourcecode.c.h; path = EdgeListVC.h; sourceTree = "<group>"; };
		18FBA89122E042CD00E0B1F9 /* EdgeListVC.m */ = {isa = PBXFileReference; lastKnownFileType = sourcecode.c.objc; path = EdgeListVC.m; sourceTree = "<group>"; };
		18FBA89422E0479900E0B1F9 /* DepthFirstSeachVC.h */ = {isa = PBXFileReference; lastKnownFileType = sourcecode.c.h; path = DepthFirstSeachVC.h; sourceTree = "<group>"; };
		18FBA89522E0479900E0B1F9 /* DepthFirstSeachVC.m */ = {isa = PBXFileReference; lastKnownFileType = sourcecode.c.objc; path = DepthFirstSeachVC.m; sourceTree = "<group>"; };
		18FEC62722374E9900313854 /* MessageTransmitVC.h */ = {isa = PBXFileReference; lastKnownFileType = sourcecode.c.h; path = MessageTransmitVC.h; sourceTree = "<group>"; };
		18FEC62822374E9900313854 /* MessageTransmitVC.m */ = {isa = PBXFileReference; lastKnownFileType = sourcecode.c.objc; path = MessageTransmitVC.m; sourceTree = "<group>"; };
		18FEC62A22374EE200313854 /* TransmitObject.h */ = {isa = PBXFileReference; lastKnownFileType = sourcecode.c.h; path = TransmitObject.h; sourceTree = "<group>"; };
		18FEC62B22374EE200313854 /* TransmitObject.m */ = {isa = PBXFileReference; lastKnownFileType = sourcecode.c.objc; path = TransmitObject.m; sourceTree = "<group>"; };
		18FEC62E22377E7500313854 /* ArrayBoundsVC.h */ = {isa = PBXFileReference; lastKnownFileType = sourcecode.c.h; path = ArrayBoundsVC.h; sourceTree = "<group>"; };
		18FEC62F22377E7500313854 /* ArrayBoundsVC.m */ = {isa = PBXFileReference; lastKnownFileType = sourcecode.c.objc; path = ArrayBoundsVC.m; sourceTree = "<group>"; };
		18FEC63322377ED300313854 /* NSArray+ErrorHandle.h */ = {isa = PBXFileReference; fileEncoding = 4; lastKnownFileType = sourcecode.c.h; path = "NSArray+ErrorHandle.h"; sourceTree = "<group>"; };
		18FEC63422377ED300313854 /* NSArray+ErrorHandle.m */ = {isa = PBXFileReference; fileEncoding = 4; lastKnownFileType = sourcecode.c.objc; path = "NSArray+ErrorHandle.m"; sourceTree = "<group>"; };
		18FEC63522377ED300313854 /* NSMutableArray+ErrorHandle.h */ = {isa = PBXFileReference; fileEncoding = 4; lastKnownFileType = sourcecode.c.h; path = "NSMutableArray+ErrorHandle.h"; sourceTree = "<group>"; };
		18FEC63622377ED300313854 /* NSMutableArray+ErrorHandle.m */ = {isa = PBXFileReference; fileEncoding = 4; lastKnownFileType = sourcecode.c.objc; path = "NSMutableArray+ErrorHandle.m"; sourceTree = "<group>"; };
		18FEC63722377ED300313854 /* NSObject+SwizzleMethod.h */ = {isa = PBXFileReference; fileEncoding = 4; lastKnownFileType = sourcecode.c.h; path = "NSObject+SwizzleMethod.h"; sourceTree = "<group>"; };
		18FEC63822377ED300313854 /* NSObject+SwizzleMethod.m */ = {isa = PBXFileReference; fileEncoding = 4; lastKnownFileType = sourcecode.c.objc; path = "NSObject+SwizzleMethod.m"; sourceTree = "<group>"; };
		18FEC63C2237801500313854 /* BoundsNextVC.h */ = {isa = PBXFileReference; lastKnownFileType = sourcecode.c.h; path = BoundsNextVC.h; sourceTree = "<group>"; };
		18FEC63D2237801500313854 /* BoundsNextVC.m */ = {isa = PBXFileReference; lastKnownFileType = sourcecode.c.objc; path = BoundsNextVC.m; sourceTree = "<group>"; };
		38E4C8AE55DD99ABC5D96520 /* libPods-LearnObjectiveC.a */ = {isa = PBXFileReference; explicitFileType = archive.ar; includeInIndex = 0; path = "libPods-LearnObjectiveC.a"; sourceTree = BUILT_PRODUCTS_DIR; };
		4947D508C763C6A7F9AB609C /* libPods-LearnObjectiveCUITests.a */ = {isa = PBXFileReference; explicitFileType = archive.ar; includeInIndex = 0; path = "libPods-LearnObjectiveCUITests.a"; sourceTree = BUILT_PRODUCTS_DIR; };
		4F744E4CB9B4A24875B64718 /* Pods-LearnObjectiveCUITests.debug.xcconfig */ = {isa = PBXFileReference; includeInIndex = 1; lastKnownFileType = text.xcconfig; name = "Pods-LearnObjectiveCUITests.debug.xcconfig"; path = "Pods/Target Support Files/Pods-LearnObjectiveCUITests/Pods-LearnObjectiveCUITests.debug.xcconfig"; sourceTree = "<group>"; };
		550B4DF32287B07900417CA5 /* Animal.h */ = {isa = PBXFileReference; lastKnownFileType = sourcecode.c.h; path = Animal.h; sourceTree = "<group>"; };
		550B4DF42287B07900417CA5 /* Animal.m */ = {isa = PBXFileReference; lastKnownFileType = sourcecode.c.objc; path = Animal.m; sourceTree = "<group>"; };
		551662942256F2A20058C9F1 /* ImageMessageVC.h */ = {isa = PBXFileReference; lastKnownFileType = sourcecode.c.h; path = ImageMessageVC.h; sourceTree = "<group>"; };
		551662952256F2A20058C9F1 /* ImageMessageVC.m */ = {isa = PBXFileReference; lastKnownFileType = sourcecode.c.objc; path = ImageMessageVC.m; sourceTree = "<group>"; };
		551662992256F6F40058C9F1 /* NSDictionary+CLLocation.h */ = {isa = PBXFileReference; lastKnownFileType = sourcecode.c.h; path = "NSDictionary+CLLocation.h"; sourceTree = "<group>"; };
		5516629A2256F6F40058C9F1 /* NSDictionary+CLLocation.m */ = {isa = PBXFileReference; lastKnownFileType = sourcecode.c.objc; path = "NSDictionary+CLLocation.m"; sourceTree = "<group>"; };
		5516629D2256F75C0058C9F1 /* GeoCoding.h */ = {isa = PBXFileReference; lastKnownFileType = sourcecode.c.h; path = GeoCoding.h; sourceTree = "<group>"; };
		5516629E2256F75C0058C9F1 /* GeoCoding.m */ = {isa = PBXFileReference; lastKnownFileType = sourcecode.c.objc; path = GeoCoding.m; sourceTree = "<group>"; };
		551662A22256FA610058C9F1 /* UILabel+Extenion.h */ = {isa = PBXFileReference; lastKnownFileType = sourcecode.c.h; path = "UILabel+Extenion.h"; sourceTree = "<group>"; };
		551662A32256FA610058C9F1 /* UILabel+Extenion.m */ = {isa = PBXFileReference; lastKnownFileType = sourcecode.c.objc; path = "UILabel+Extenion.m"; sourceTree = "<group>"; };
		551662A52256FA770058C9F1 /* UIButton+Extenion.h */ = {isa = PBXFileReference; lastKnownFileType = sourcecode.c.h; path = "UIButton+Extenion.h"; sourceTree = "<group>"; };
		551662A62256FA770058C9F1 /* UIButton+Extenion.m */ = {isa = PBXFileReference; lastKnownFileType = sourcecode.c.objc; path = "UIButton+Extenion.m"; sourceTree = "<group>"; };
		551662AA2257014E0058C9F1 /* Assets.xcassets */ = {isa = PBXFileReference; lastKnownFileType = folder.assetcatalog; path = Assets.xcassets; sourceTree = "<group>"; };
		6CE4228E588080A260588FC4 /* Pods-LearnObjectiveC.debug.xcconfig */ = {isa = PBXFileReference; includeInIndex = 1; lastKnownFileType = text.xcconfig; name = "Pods-LearnObjectiveC.debug.xcconfig"; path = "Pods/Target Support Files/Pods-LearnObjectiveC/Pods-LearnObjectiveC.debug.xcconfig"; sourceTree = "<group>"; };
		7D59E1C2B96E2BCECF32C3EA /* Pods-LearnObjectiveCTests.release.xcconfig */ = {isa = PBXFileReference; includeInIndex = 1; lastKnownFileType = text.xcconfig; name = "Pods-LearnObjectiveCTests.release.xcconfig"; path = "Pods/Target Support Files/Pods-LearnObjectiveCTests/Pods-LearnObjectiveCTests.release.xcconfig"; sourceTree = "<group>"; };
		97E466B2B25271A16FB16F47 /* Pods-LearnObjectiveC.release.xcconfig */ = {isa = PBXFileReference; includeInIndex = 1; lastKnownFileType = text.xcconfig; name = "Pods-LearnObjectiveC.release.xcconfig"; path = "Pods/Target Support Files/Pods-LearnObjectiveC/Pods-LearnObjectiveC.release.xcconfig"; sourceTree = "<group>"; };
		D8E40F4D024E57FB0808C251 /* libPods-LearnObjectiveCTests.a */ = {isa = PBXFileReference; explicitFileType = archive.ar; includeInIndex = 0; path = "libPods-LearnObjectiveCTests.a"; sourceTree = BUILT_PRODUCTS_DIR; };
/* End PBXFileReference section */

/* Begin PBXFrameworksBuildPhase section */
		181F31892230BDDB0098E099 /* Frameworks */ = {
			isa = PBXFrameworksBuildPhase;
			buildActionMask = 2147483647;
			files = (
				98BEB752F35B782F968A28C1 /* libPods-LearnObjectiveC.a in Frameworks */,
			);
			runOnlyForDeploymentPostprocessing = 0;
		};
		181F31A12230BDDD0098E099 /* Frameworks */ = {
			isa = PBXFrameworksBuildPhase;
			buildActionMask = 2147483647;
			files = (
				BC9A8EB5F33AEAD001DAB123 /* libPods-LearnObjectiveCTests.a in Frameworks */,
			);
			runOnlyForDeploymentPostprocessing = 0;
		};
		181F31AC2230BDDD0098E099 /* Frameworks */ = {
			isa = PBXFrameworksBuildPhase;
			buildActionMask = 2147483647;
			files = (
				919735996E7228FD6C736DD0 /* libPods-LearnObjectiveCUITests.a in Frameworks */,
			);
			runOnlyForDeploymentPostprocessing = 0;
		};
/* End PBXFrameworksBuildPhase section */

/* Begin PBXGroup section */
		18098A3E22BCCF28003BAFBA /* 线索二叉树 */ = {
			isa = PBXGroup;
			children = (
				18098A3F22BCCF6B003BAFBA /* CluesBinaryTreeVC.h */,
				18098A4022BCCF6B003BAFBA /* CluesBinaryTreeVC.m */,
			);
			path = "线索二叉树";
			sourceTree = "<group>";
		};
		180C82D3223890A00092EBF0 /* FunctionOptimization */ = {
			isa = PBXGroup;
			children = (
				18AFB13D22D7038D00C78822 /* FigureOutLayout */,
				185AF0402297DA6100E065EF /* GCD */,
				551662932256F28A0058C9F1 /* ImageMessageVC */,
				180C82D5223890D60092EBF0 /* Function */,
				180C82D4223890A00092EBF0 /* BuriesPointTestVC */,
			);
			path = FunctionOptimization;
			sourceTree = "<group>";
		};
		180C82D4223890A00092EBF0 /* BuriesPointTestVC */ = {
			isa = PBXGroup;
			children = (
				180C82D92238910D0092EBF0 /* BuriesPointTestVC.h */,
				180C82DA2238910D0092EBF0 /* BuriesPointTestVC.m */,
			);
			path = BuriesPointTestVC;
			sourceTree = "<group>";
		};
		180C82D5223890D60092EBF0 /* Function */ = {
			isa = PBXGroup;
			children = (
				180C82D6223890F10092EBF0 /* FunctionVC.h */,
				180C82D7223890F10092EBF0 /* FunctionVC.m */,
			);
			path = Function;
			sourceTree = "<group>";
		};
		180F196D225C345A00F62A8C /* 算法的时间复杂度 */ = {
			isa = PBXGroup;
			children = (
				180F196E225C348A00F62A8C /* TimeComplexityVC.h */,
				180F196F225C348A00F62A8C /* TimeComplexityVC.m */,
			);
			path = "算法的时间复杂度";
			sourceTree = "<group>";
		};
		180F1971225C496F00F62A8C /* 线性表 */ = {
			isa = PBXGroup;
			children = (
				187C3EDC228166A9000F205C /* 双向链表 */,
				187C3EDD228166A9000F205C /* 单向循环链表 */,
				18D412A72276A62100DF7815 /* 单链表 */,
				18D412A022768D4D00DF7815 /* 线性表顺序存储结构 */,
				180F1973225C49BD00F62A8C /* MainLinearTableVC */,
				180F1972225C496F00F62A8C /* 线性表的定义 */,
			);
			path = "线性表";
			sourceTree = "<group>";
		};
		180F1972225C496F00F62A8C /* 线性表的定义 */ = {
			isa = PBXGroup;
			children = (
				180F1977225C4A4D00F62A8C /* DefineLinearTableVC.h */,
				180F1978225C4A4D00F62A8C /* DefineLinearTableVC.m */,
			);
			path = "线性表的定义";
			sourceTree = "<group>";
		};
		180F1973225C49BD00F62A8C /* MainLinearTableVC */ = {
			isa = PBXGroup;
			children = (
				180F1974225C49D200F62A8C /* MainLinearTableVC.h */,
				180F1975225C49D200F62A8C /* MainLinearTableVC.m */,
			);
			path = MainLinearTableVC;
			sourceTree = "<group>";
		};
		1814E8992293E858006A892C /* 栈和队列 */ = {
			isa = PBXGroup;
			children = (
				18E247D72296771600B8AF63 /* 队列 */,
				1814E89B2293E8D5006A892C /* 栈 */,
				1814E89A2293E8D5006A892C /* MainStackTempVC */,
			);
			path = "栈和队列";
			sourceTree = "<group>";
		};
		1814E89A2293E8D5006A892C /* MainStackTempVC */ = {
			isa = PBXGroup;
			children = (
				1814E89F2293E919006A892C /* MainStackTempVC.h */,
				1814E8A02293E919006A892C /* MainStackTempVC.m */,
			);
			path = MainStackTempVC;
			sourceTree = "<group>";
		};
		1814E89B2293E8D5006A892C /* 栈 */ = {
			isa = PBXGroup;
			children = (
				1814E89C2293E8D5006A892C /* StackVC.h */,
				1814E89D2293E8D5006A892C /* StackVC.m */,
			);
			path = "栈";
			sourceTree = "<group>";
		};
		181F31832230BDDB0098E099 = {
			isa = PBXGroup;
			children = (
				181F31C52230C2940098E099 /* Classes */,
				181F318E2230BDDB0098E099 /* LearnObjectiveC */,
				181F31A72230BDDD0098E099 /* LearnObjectiveCTests */,
				181F31B22230BDDD0098E099 /* LearnObjectiveCUITests */,
				181F318D2230BDDB0098E099 /* Products */,
				E1490D22DE9E2A73DBE0731F /* Pods */,
				42A076A795CE4B7DA295BF06 /* Frameworks */,
			);
			sourceTree = "<group>";
		};
		181F318D2230BDDB0098E099 /* Products */ = {
			isa = PBXGroup;
			children = (
				181F318C2230BDDB0098E099 /* LearnObjectiveC.app */,
				181F31A42230BDDD0098E099 /* LearnObjectiveCTests.xctest */,
				181F31AF2230BDDD0098E099 /* LearnObjectiveCUITests.xctest */,
			);
			name = Products;
			sourceTree = "<group>";
		};
		181F318E2230BDDB0098E099 /* LearnObjectiveC */ = {
			isa = PBXGroup;
			children = (
				181F318F2230BDDB0098E099 /* AppDelegate.h */,
				181F31902230BDDB0098E099 /* AppDelegate.m */,
				181F31922230BDDB0098E099 /* ViewController.h */,
				181F31932230BDDB0098E099 /* ViewController.m */,
				181F31C32230C0890098E099 /* MacroDefinition.h */,
				181F31C42230C1B20098E099 /* ConfigurationConst.h */,
				181F31C22230C0580098E099 /* Header.pch */,
				181F31952230BDDB0098E099 /* Main.storyboard */,
				551662AA2257014E0058C9F1 /* Assets.xcassets */,
				181F319A2230BDDD0098E099 /* LaunchScreen.storyboard */,
				181F319D2230BDDD0098E099 /* Info.plist */,
				181F319E2230BDDD0098E099 /* main.m */,
			);
			path = LearnObjectiveC;
			sourceTree = "<group>";
		};
		181F31A72230BDDD0098E099 /* LearnObjectiveCTests */ = {
			isa = PBXGroup;
			children = (
				181F31A82230BDDD0098E099 /* LearnObjectiveCTests.m */,
				181F31AA2230BDDD0098E099 /* Info.plist */,
			);
			path = LearnObjectiveCTests;
			sourceTree = "<group>";
		};
		181F31B22230BDDD0098E099 /* LearnObjectiveCUITests */ = {
			isa = PBXGroup;
			children = (
				181F31B32230BDDD0098E099 /* LearnObjectiveCUITests.m */,
				181F31B52230BDDD0098E099 /* Info.plist */,
			);
			path = LearnObjectiveCUITests;
			sourceTree = "<group>";
		};
		181F31C52230C2940098E099 /* Classes */ = {
			isa = PBXGroup;
			children = (
				551662972256F6D40058C9F1 /* Extention */,
				181F31C62230C2940098E099 /* ContentsOfLearning */,
				181F31C72230C2940098E099 /* Tools */,
			);
			path = Classes;
			sourceTree = "<group>";
		};
		181F31C62230C2940098E099 /* ContentsOfLearning */ = {
			isa = PBXGroup;
			children = (
				18ED24FF225AE93B00006116 /* 数据结构与算法 */,
				180C82D3223890A00092EBF0 /* FunctionOptimization */,
				183ADC6322360FA500ADB09B /* DesignPatterns */,
				1846835F22320BEA0032A4EE /* MemoryRule */,
				181F31E3223111830098E099 /* RunLoop */,
				181F31E1223111830098E099 /* RunTime */,
				181F31D62230E7410098E099 /* 错误编码示范 */,
			);
			path = ContentsOfLearning;
			sourceTree = "<group>";
		};
		181F31C72230C2940098E099 /* Tools */ = {
			isa = PBXGroup;
			children = (
				18FEC63122377ED300313854 /* ToolsObject */,
				181F31C82230C2AD0098E099 /* ToolsVC */,
			);
			path = Tools;
			sourceTree = "<group>";
		};
		181F31C82230C2AD0098E099 /* ToolsVC */ = {
			isa = PBXGroup;
			children = (
				181F31C92230C3310098E099 /* BaseVC */,
			);
			path = ToolsVC;
			sourceTree = "<group>";
		};
		181F31C92230C3310098E099 /* BaseVC */ = {
			isa = PBXGroup;
			children = (
				18E522FF2277DDCB001DAA3A /* BaseDataStructureVC */,
				181F31D22230C5ED0098E099 /* MyTableReFreshVC */,
				181F31CE2230C43D0098E099 /* MyTableViewVC */,
				181F31CA2230C3310098E099 /* BaseViewController */,
			);
			path = BaseVC;
			sourceTree = "<group>";
		};
		181F31CA2230C3310098E099 /* BaseViewController */ = {
			isa = PBXGroup;
			children = (
				181F31CB2230C3530098E099 /* BaseViewController.h */,
				181F31CC2230C3530098E099 /* BaseViewController.m */,
			);
			path = BaseViewController;
			sourceTree = "<group>";
		};
		181F31CE2230C43D0098E099 /* MyTableViewVC */ = {
			isa = PBXGroup;
			children = (
				181F31CF2230C44A0098E099 /* MyTableViewVC.h */,
				181F31D02230C44A0098E099 /* MyTableViewVC.m */,
			);
			path = MyTableViewVC;
			sourceTree = "<group>";
		};
		181F31D22230C5ED0098E099 /* MyTableReFreshVC */ = {
			isa = PBXGroup;
			children = (
				181F31D32230C5FA0098E099 /* MyTableReFreshVC.h */,
				181F31D42230C5FA0098E099 /* MyTableReFreshVC.m */,
			);
			path = MyTableReFreshVC;
			sourceTree = "<group>";
		};
		181F31D62230E7410098E099 /* 错误编码示范 */ = {
			isa = PBXGroup;
			children = (
				181F31DB2230EA850098E099 /* BAD_ACCESS_VC */,
				181F31D72230E76B0098E099 /* MainClass */,
			);
			path = "错误编码示范";
			sourceTree = "<group>";
		};
		181F31D72230E76B0098E099 /* MainClass */ = {
			isa = PBXGroup;
			children = (
				181F31D82230E7890098E099 /* ErrorCodeExampleVC.h */,
				181F31D92230E7890098E099 /* ErrorCodeExampleVC.m */,
			);
			path = MainClass;
			sourceTree = "<group>";
		};
		181F31DB2230EA850098E099 /* BAD_ACCESS_VC */ = {
			isa = PBXGroup;
			children = (
				181F31DC2230EA940098E099 /* BAD_ACCESS_VC.h */,
				181F31DD2230EA940098E099 /* BAD_ACCESS_VC.m */,
			);
			path = BAD_ACCESS_VC;
			sourceTree = "<group>";
		};
		181F31E1223111830098E099 /* RunTime */ = {
			isa = PBXGroup;
			children = (
				18EEA0152241D63F00325FF3 /* Reflection */,
				18FEC62D22377D8100313854 /* ArrayBounds */,
				18FEC62622374E8800313854 /* MessageTransmit */,
				183ADC532235EFE200ADB09B /* KVC_VC */,
				181F31F222311A5F0098E099 /* KVO_VC */,
				181F31E2223111830098E099 /* RunTimeMainVC */,
			);
			path = RunTime;
			sourceTree = "<group>";
		};
		181F31E2223111830098E099 /* RunTimeMainVC */ = {
			isa = PBXGroup;
			children = (
				181F31E8223111AD0098E099 /* RunTimeMainVC.h */,
				181F31E9223111AD0098E099 /* RunTimeMainVC.m */,
			);
			path = RunTimeMainVC;
			sourceTree = "<group>";
		};
		181F31E3223111830098E099 /* RunLoop */ = {
			isa = PBXGroup;
			children = (
				181F31E4223111830098E099 /* RunLoopMainVC */,
			);
			path = RunLoop;
			sourceTree = "<group>";
		};
		181F31E4223111830098E099 /* RunLoopMainVC */ = {
			isa = PBXGroup;
			children = (
				181F31E5223111A20098E099 /* RunLoopMainVC.h */,
				181F31E6223111A20098E099 /* RunLoopMainVC.m */,
			);
			path = RunLoopMainVC;
			sourceTree = "<group>";
		};
		181F31F222311A5F0098E099 /* KVO_VC */ = {
			isa = PBXGroup;
			children = (
				181F31F322311A730098E099 /* KVO_VC.h */,
				181F31F422311A730098E099 /* KVO_VC.m */,
				184683692232463B0032A4EE /* KVO_AimModel.h */,
				1846836A2232463B0032A4EE /* KVO_AimModel.m */,
			);
			path = KVO_VC;
			sourceTree = "<group>";
		};
		183ADC532235EFE200ADB09B /* KVC_VC */ = {
			isa = PBXGroup;
			children = (
				183ADC542235EFE200ADB09B /* KVC_Model.h */,
				183ADC552235EFE200ADB09B /* KVC_Model.m */,
				183ADC562235EFE200ADB09B /* KVC_VC.h */,
				183ADC572235EFE200ADB09B /* KVC_VC.m */,
			);
			path = KVC_VC;
			sourceTree = "<group>";
		};
		183ADC5B2235FAA500ADB09B /* AutoreleasePoolVC */ = {
			isa = PBXGroup;
			children = (
				183ADC5C2235FABA00ADB09B /* AutoreleasePoolVC.h */,
				183ADC5D2235FABA00ADB09B /* AutoreleasePoolVC.mm */,
				183C632E228BF748002CDDB2 /* AutoreleasePool.mm */,
				183C632F228BF748002CDDB2 /* AutoreleasePool.hpp */,
				550B4DF32287B07900417CA5 /* Animal.h */,
				550B4DF42287B07900417CA5 /* Animal.m */,
				1879F3C522895D1D00C48D34 /* Person.h */,
				1879F3C422895D1C00C48D34 /* Person.m */,
			);
			path = AutoreleasePoolVC;
			sourceTree = "<group>";
		};
		183ADC5F2235FEC800ADB09B /* ArrayRemoveVC */ = {
			isa = PBXGroup;
			children = (
				183ADC602235FED100ADB09B /* ArrayRemoveVC.h */,
				183ADC612235FED100ADB09B /* ArrayRemoveVC.m */,
			);
			path = ArrayRemoveVC;
			sourceTree = "<group>";
		};
		183ADC6322360FA500ADB09B /* DesignPatterns */ = {
			isa = PBXGroup;
			children = (
				18FE817F2237A1FD0061428B /* MVC */,
				18FE81802237A1FD0061428B /* MVVM */,
				183ADC6822360FFD00ADB09B /* DesignMainVC */,
				183ADC6422360FA500ADB09B /* FactoryDesign */,
			);
			path = DesignPatterns;
			sourceTree = "<group>";
		};
		183ADC6422360FA500ADB09B /* FactoryDesign */ = {
			isa = PBXGroup;
			children = (
				183ADC6522360FD800ADB09B /* FactoryDesignVC.h */,
				183ADC6622360FD800ADB09B /* FactoryDesignVC.m */,
			);
			path = FactoryDesign;
			sourceTree = "<group>";
		};
		183ADC6822360FFD00ADB09B /* DesignMainVC */ = {
			isa = PBXGroup;
			children = (
				183ADC692236100E00ADB09B /* DesignMainVC.h */,
				183ADC6A2236100E00ADB09B /* DesignMainVC.m */,
			);
			path = DesignMainVC;
			sourceTree = "<group>";
		};
		1846835F22320BEA0032A4EE /* MemoryRule */ = {
			isa = PBXGroup;
			children = (
				183ADC5F2235FEC800ADB09B /* ArrayRemoveVC */,
				183ADC5B2235FAA500ADB09B /* AutoreleasePoolVC */,
				1846836222320C4A0032A4EE /* MemoryMainVC */,
				1846836022320BEA0032A4EE /* CopyTargetVC */,
			);
			path = MemoryRule;
			sourceTree = "<group>";
		};
		1846836022320BEA0032A4EE /* CopyTargetVC */ = {
			isa = PBXGroup;
			children = (
				1846836622320CCA0032A4EE /* CopyTargetVC.h */,
				1846836722320CCA0032A4EE /* CopyTargetVC.m */,
			);
			path = CopyTargetVC;
			sourceTree = "<group>";
		};
		1846836222320C4A0032A4EE /* MemoryMainVC */ = {
			isa = PBXGroup;
			children = (
				1846836322320CB90032A4EE /* MemoryMainVC.h */,
				1846836422320CB90032A4EE /* MemoryMainVC.m */,
			);
			path = MemoryMainVC;
			sourceTree = "<group>";
		};
		185AF0402297DA6100E065EF /* GCD */ = {
			isa = PBXGroup;
			children = (
				185AF0412297DA7400E065EF /* GCDVC.h */,
				185AF0422297DA7400E065EF /* GCDVC.m */,
			);
			path = GCD;
			sourceTree = "<group>";
		};
		187C3EDC228166A9000F205C /* 双向链表 */ = {
			isa = PBXGroup;
			children = (
				187C3EE122816716000F205C /* BothWayLinkListVC.h */,
				187C3EE222816716000F205C /* BothWayLinkListVC.m */,
			);
			path = "双向链表";
			sourceTree = "<group>";
		};
		187C3EDD228166A9000F205C /* 单向循环链表 */ = {
			isa = PBXGroup;
			children = (
				187C3EDE228166E5000F205C /* CircularLinkedListVC.h */,
				187C3EDF228166E5000F205C /* CircularLinkedListVC.m */,
			);
			path = "单向循环链表";
			sourceTree = "<group>";
		};
		1892AE2322D4252D00F4E007 /* 图邻接矩阵创建 */ = {
			isa = PBXGroup;
			children = (
				1892AE2422D4255C00F4E007 /* AdjacentMatrixVC.h */,
				1892AE2522D4255C00F4E007 /* AdjacentMatrixVC.m */,
			);
			path = "图邻接矩阵创建";
			sourceTree = "<group>";
		};
		189B8506229B70A6002DBEC2 /* 串 */ = {
			isa = PBXGroup;
			children = (
				189B8513229B82F5002DBEC2 /* KMP匹配模式算法 */,
				189B850F229B79ED002DBEC2 /* 串的存储结构 */,
				189B850B229B720F002DBEC2 /* 字符串 */,
				189B8507229B71CB002DBEC2 /* 串的定义与比较 */,
			);
			path = "串";
			sourceTree = "<group>";
		};
		189B8507229B71CB002DBEC2 /* 串的定义与比较 */ = {
			isa = PBXGroup;
			children = (
				189B8508229B71EE002DBEC2 /* StringVC.h */,
				189B8509229B71EE002DBEC2 /* StringVC.m */,
			);
			path = "串的定义与比较";
			sourceTree = "<group>";
		};
		189B850B229B720F002DBEC2 /* 字符串 */ = {
			isa = PBXGroup;
			children = (
				189B850C229B722A002DBEC2 /* MainStringVC.h */,
				189B850D229B722A002DBEC2 /* MainStringVC.m */,
			);
			path = "字符串";
			sourceTree = "<group>";
		};
		189B850F229B79ED002DBEC2 /* 串的存储结构 */ = {
			isa = PBXGroup;
			children = (
				189B8510229B7A0F002DBEC2 /* StoreOfStringVC.h */,
				189B8511229B7A0F002DBEC2 /* StoreOfStringVC.m */,
			);
			path = "串的存储结构";
			sourceTree = "<group>";
		};
		189B8513229B82F5002DBEC2 /* KMP匹配模式算法 */ = {
			isa = PBXGroup;
			children = (
				189B8514229B8317002DBEC2 /* KMPMatchVC.h */,
				189B8515229B8317002DBEC2 /* KMPMatchVC.m */,
			);
			path = "KMP匹配模式算法";
			sourceTree = "<group>";
		};
		189F68B322A617C0001F6D6F /* 树 */ = {
			isa = PBXGroup;
			children = (
				18098A3E22BCCF28003BAFBA /* 线索二叉树 */,
				18E5ADE122B8BCF0009E1EA6 /* 二叉树的存储 */,
				18DE584022A7AE0900668BDD /* 二叉树的定义 */,
				189F68B422A617C0001F6D6F /* MainTreeVC */,
			);
			path = "树";
			sourceTree = "<group>";
		};
		189F68B422A617C0001F6D6F /* MainTreeVC */ = {
			isa = PBXGroup;
			children = (
				189F68B522A617DE001F6D6F /* MainTreeVC.h */,
				189F68B622A617DE001F6D6F /* MainTreeVC.m */,
			);
			path = MainTreeVC;
			sourceTree = "<group>";
		};
		18AF150522C9AA300048732F /* 图 */ = {
			isa = PBXGroup;
			children = (
				18FBA89322E0477C00E0B1F9 /* 深度优先遍历和广度优先遍历(邻接矩阵) */,
				18FBA88F22E042B700E0B1F9 /* 边集数组 */,
				18FBA88A22E03E7900E0B1F9 /* 邻接多重表 */,
				18E4DAB322DDAC7C00DD5829 /* 十字链表 */,
				18AFB14C22D73ABB00C78822 /* 邻接表 */,
				1892AE2322D4252D00F4E007 /* 图邻接矩阵创建 */,
				18AF150A22C9AAFC0048732F /* 图的定义 */,
				18AF150622C9AA300048732F /* MainGraphVC */,
			);
			path = "图";
			sourceTree = "<group>";
		};
		18AF150622C9AA300048732F /* MainGraphVC */ = {
			isa = PBXGroup;
			children = (
				18AF150722C9AA450048732F /* MainGraphVC.h */,
				18AF150822C9AA450048732F /* MainGraphVC.m */,
			);
			path = MainGraphVC;
			sourceTree = "<group>";
		};
		18AF150A22C9AAFC0048732F /* 图的定义 */ = {
			isa = PBXGroup;
			children = (
				18AF150B22C9AB150048732F /* DefineGraphVC.h */,
				18AF150C22C9AB150048732F /* DefineGraphVC.m */,
			);
			path = "图的定义";
			sourceTree = "<group>";
		};
		18AFB13D22D7038D00C78822 /* FigureOutLayout */ = {
			isa = PBXGroup;
			children = (
				18AFB13E22D703A400C78822 /* FigureOutLayoutVC.h */,
				18AFB13F22D703A400C78822 /* FigureOutLayoutVC.m */,
				18AFB14122D7042F00C78822 /* LayOutCell.h */,
				18AFB14222D7042F00C78822 /* LayOutCell.m */,
			);
			path = FigureOutLayout;
			sourceTree = "<group>";
		};
		18AFB14422D709D800C78822 /* UITableViewCell */ = {
			isa = PBXGroup;
			children = (
				18AFB14522D709F200C78822 /* UITableViewCell+Extention.h */,
				18AFB14622D709F200C78822 /* UITableViewCell+Extention.m */,
			);
			path = UITableViewCell;
			sourceTree = "<group>";
		};
		18AFB14C22D73ABB00C78822 /* 邻接表 */ = {
			isa = PBXGroup;
			children = (
				18AFB14D22D73B1400C78822 /* AdjacencyListVC.h */,
				18AFB14E22D73B1400C78822 /* AdjacencyListVC.m */,
			);
			path = "邻接表";
			sourceTree = "<group>";
		};
		18D412A022768D4D00DF7815 /* 线性表顺序存储结构 */ = {
			isa = PBXGroup;
			children = (
				18D412A122768D7900DF7815 /* SQListSequentialListVC.h */,
				18D412A222768D7900DF7815 /* SQListSequentialListVC.m */,
			);
			path = "线性表顺序存储结构";
			sourceTree = "<group>";
		};
		18D412A72276A62100DF7815 /* 单链表 */ = {
			isa = PBXGroup;
			children = (
				18D412A82276A66400DF7815 /* SQListLinkedStorageVC.h */,
				18D412A92276A66400DF7815 /* SQListLinkedStorageVC.m */,
			);
			path = "单链表";
			sourceTree = "<group>";
		};
		18DE584022A7AE0900668BDD /* 二叉树的定义 */ = {
			isa = PBXGroup;
			children = (
				18DE584122A7AE3100668BDD /* BinaryTreeDefineVC.h */,
				18DE584222A7AE3100668BDD /* BinaryTreeDefineVC.m */,
			);
			path = "二叉树的定义";
			sourceTree = "<group>";
		};
		18E247D72296771600B8AF63 /* 队列 */ = {
			isa = PBXGroup;
			children = (
				18E247D82296773200B8AF63 /* QueueVC.h */,
				18E247D92296773200B8AF63 /* QueueVC.m */,
			);
			path = "队列";
			sourceTree = "<group>";
		};
		18E4DAB322DDAC7C00DD5829 /* 十字链表 */ = {
			isa = PBXGroup;
			children = (
				18E4DAB422DDACAC00DD5829 /* CurbTableVC.h */,
				18E4DAB522DDACAC00DD5829 /* CurbTableVC.m */,
			);
			path = "十字链表";
			sourceTree = "<group>";
		};
		18E522FF2277DDCB001DAA3A /* BaseDataStructureVC */ = {
			isa = PBXGroup;
			children = (
				18E523002277DDDE001DAA3A /* BaseDataStructureVC.h */,
				18E523012277DDDE001DAA3A /* BaseDataStructureVC.m */,
			);
			path = BaseDataStructureVC;
			sourceTree = "<group>";
		};
		18E5ADE122B8BCF0009E1EA6 /* 二叉树的存储 */ = {
			isa = PBXGroup;
			children = (
				18E5ADE222B8BD0E009E1EA6 /* BinaryTreeStoreVC.h */,
				18E5ADE322B8BD0E009E1EA6 /* BinaryTreeStoreVC.m */,
			);
			path = "二叉树的存储";
			sourceTree = "<group>";
		};
		18ED24FF225AE93B00006116 /* 数据结构与算法 */ = {
			isa = PBXGroup;
			children = (
				18AF150522C9AA300048732F /* 图 */,
				189F68B322A617C0001F6D6F /* 树 */,
				189B8506229B70A6002DBEC2 /* 串 */,
				1814E8992293E858006A892C /* 栈和队列 */,
				180F1971225C496F00F62A8C /* 线性表 */,
				180F196D225C345A00F62A8C /* 算法的时间复杂度 */,
				18ED2500225AE93B00006116 /* MainStructureVC */,
			);
			path = "数据结构与算法";
			sourceTree = "<group>";
		};
		18ED2500225AE93B00006116 /* MainStructureVC */ = {
			isa = PBXGroup;
			children = (
				18ED2501225AE95A00006116 /* MainStructureVC.h */,
				18ED2502225AE95A00006116 /* MainStructureVC.m */,
			);
			path = MainStructureVC;
			sourceTree = "<group>";
		};
		18EEA0152241D63F00325FF3 /* Reflection */ = {
			isa = PBXGroup;
			children = (
			);
			path = Reflection;
			sourceTree = "<group>";
		};
		18FBA88A22E03E7900E0B1F9 /* 邻接多重表 */ = {
			isa = PBXGroup;
			children = (
				18FBA88B22E03EAC00E0B1F9 /* ADJacencyMultiplelistVC.h */,
				18FBA88C22E03EAC00E0B1F9 /* ADJacencyMultiplelistVC.m */,
			);
			path = "邻接多重表";
			sourceTree = "<group>";
		};
		18FBA88F22E042B700E0B1F9 /* 边集数组 */ = {
			isa = PBXGroup;
			children = (
				18FBA89022E042CD00E0B1F9 /* EdgeListVC.h */,
				18FBA89122E042CD00E0B1F9 /* EdgeListVC.m */,
			);
			path = "边集数组";
			sourceTree = "<group>";
		};
		18FBA89322E0477C00E0B1F9 /* 深度优先遍历和广度优先遍历(邻接矩阵) */ = {
			isa = PBXGroup;
			children = (
				18FBA89422E0479900E0B1F9 /* DepthFirstSeachVC.h */,
				18FBA89522E0479900E0B1F9 /* DepthFirstSeachVC.m */,
			);
			path = "深度优先遍历和广度优先遍历(邻接矩阵)";
			sourceTree = "<group>";
		};
		18FE817F2237A1FD0061428B /* MVC */ = {
			isa = PBXGroup;
			children = (
				18FE81822237A22B0061428B /* Controller */,
				18FE81832237A22B0061428B /* Model */,
				18FE81812237A22B0061428B /* View */,
			);
			path = MVC;
			sourceTree = "<group>";
		};
		18FE81802237A1FD0061428B /* MVVM */ = {
			isa = PBXGroup;
			children = (
			);
			path = MVVM;
			sourceTree = "<group>";
		};
		18FE81812237A22B0061428B /* View */ = {
			isa = PBXGroup;
			children = (
				18481324223A21B600C566D5 /* MVC_View.h */,
				18481325223A21B600C566D5 /* MVC_View.m */,
			);
			path = View;
			sourceTree = "<group>";
		};
		18FE81822237A22B0061428B /* Controller */ = {
			isa = PBXGroup;
			children = (
				1848131E223A218300C566D5 /* MVCController.h */,
				1848131F223A218300C566D5 /* MVCController.m */,
			);
			path = Controller;
			sourceTree = "<group>";
		};
		18FE81832237A22B0061428B /* Model */ = {
			isa = PBXGroup;
			children = (
				18481321223A21A300C566D5 /* MVC_Model.h */,
				18481322223A21A300C566D5 /* MVC_Model.m */,
			);
			path = Model;
			sourceTree = "<group>";
		};
		18FEC62622374E8800313854 /* MessageTransmit */ = {
			isa = PBXGroup;
			children = (
				18FEC62722374E9900313854 /* MessageTransmitVC.h */,
				18FEC62822374E9900313854 /* MessageTransmitVC.m */,
				18FEC62A22374EE200313854 /* TransmitObject.h */,
				18FEC62B22374EE200313854 /* TransmitObject.m */,
			);
			path = MessageTransmit;
			sourceTree = "<group>";
		};
		18FEC62D22377D8100313854 /* ArrayBounds */ = {
			isa = PBXGroup;
			children = (
				18FEC62E22377E7500313854 /* ArrayBoundsVC.h */,
				18FEC62F22377E7500313854 /* ArrayBoundsVC.m */,
				18FEC63C2237801500313854 /* BoundsNextVC.h */,
				18FEC63D2237801500313854 /* BoundsNextVC.m */,
			);
			path = ArrayBounds;
			sourceTree = "<group>";
		};
		18FEC63122377ED300313854 /* ToolsObject */ = {
			isa = PBXGroup;
			children = (
				5516629C2256F74B0058C9F1 /* GeoCoding */,
				18FEC63222377ED300313854 /* ArrayBounds */,
			);
			path = ToolsObject;
			sourceTree = "<group>";
		};
		18FEC63222377ED300313854 /* ArrayBounds */ = {
			isa = PBXGroup;
			children = (
				18FEC63322377ED300313854 /* NSArray+ErrorHandle.h */,
				18FEC63422377ED300313854 /* NSArray+ErrorHandle.m */,
				18FEC63522377ED300313854 /* NSMutableArray+ErrorHandle.h */,
				18FEC63622377ED300313854 /* NSMutableArray+ErrorHandle.m */,
				18FEC63722377ED300313854 /* NSObject+SwizzleMethod.h */,
				18FEC63822377ED300313854 /* NSObject+SwizzleMethod.m */,
			);
			path = ArrayBounds;
			sourceTree = "<group>";
		};
		42A076A795CE4B7DA295BF06 /* Frameworks */ = {
			isa = PBXGroup;
			children = (
				38E4C8AE55DD99ABC5D96520 /* libPods-LearnObjectiveC.a */,
				D8E40F4D024E57FB0808C251 /* libPods-LearnObjectiveCTests.a */,
				4947D508C763C6A7F9AB609C /* libPods-LearnObjectiveCUITests.a */,
			);
			name = Frameworks;
			sourceTree = "<group>";
		};
		551662932256F28A0058C9F1 /* ImageMessageVC */ = {
			isa = PBXGroup;
			children = (
				551662942256F2A20058C9F1 /* ImageMessageVC.h */,
				551662952256F2A20058C9F1 /* ImageMessageVC.m */,
			);
			path = ImageMessageVC;
			sourceTree = "<group>";
		};
		551662972256F6D40058C9F1 /* Extention */ = {
			isa = PBXGroup;
			children = (
				18AFB14422D709D800C78822 /* UITableViewCell */,
				551662A02256FA390058C9F1 /* UIButton */,
				551662A12256FA390058C9F1 /* UILabel */,
				551662982256F6D40058C9F1 /* NSDictionary */,
			);
			path = Extention;
			sourceTree = "<group>";
		};
		551662982256F6D40058C9F1 /* NSDictionary */ = {
			isa = PBXGroup;
			children = (
				551662992256F6F40058C9F1 /* NSDictionary+CLLocation.h */,
				5516629A2256F6F40058C9F1 /* NSDictionary+CLLocation.m */,
			);
			path = NSDictionary;
			sourceTree = "<group>";
		};
		5516629C2256F74B0058C9F1 /* GeoCoding */ = {
			isa = PBXGroup;
			children = (
				5516629D2256F75C0058C9F1 /* GeoCoding.h */,
				5516629E2256F75C0058C9F1 /* GeoCoding.m */,
			);
			path = GeoCoding;
			sourceTree = "<group>";
		};
		551662A02256FA390058C9F1 /* UIButton */ = {
			isa = PBXGroup;
			children = (
				551662A52256FA770058C9F1 /* UIButton+Extenion.h */,
				551662A62256FA770058C9F1 /* UIButton+Extenion.m */,
			);
			path = UIButton;
			sourceTree = "<group>";
		};
		551662A12256FA390058C9F1 /* UILabel */ = {
			isa = PBXGroup;
			children = (
				551662A22256FA610058C9F1 /* UILabel+Extenion.h */,
				551662A32256FA610058C9F1 /* UILabel+Extenion.m */,
			);
			path = UILabel;
			sourceTree = "<group>";
		};
		E1490D22DE9E2A73DBE0731F /* Pods */ = {
			isa = PBXGroup;
			children = (
				6CE4228E588080A260588FC4 /* Pods-LearnObjectiveC.debug.xcconfig */,
				97E466B2B25271A16FB16F47 /* Pods-LearnObjectiveC.release.xcconfig */,
				0CC6282705465E117CA14B2F /* Pods-LearnObjectiveCTests.debug.xcconfig */,
				7D59E1C2B96E2BCECF32C3EA /* Pods-LearnObjectiveCTests.release.xcconfig */,
				4F744E4CB9B4A24875B64718 /* Pods-LearnObjectiveCUITests.debug.xcconfig */,
				0AEFD4F2AC48ADFBBE8E1805 /* Pods-LearnObjectiveCUITests.release.xcconfig */,
			);
			name = Pods;
			sourceTree = "<group>";
		};
/* End PBXGroup section */

/* Begin PBXNativeTarget section */
		181F318B2230BDDB0098E099 /* LearnObjectiveC */ = {
			isa = PBXNativeTarget;
			buildConfigurationList = 181F31B82230BDDD0098E099 /* Build configuration list for PBXNativeTarget "LearnObjectiveC" */;
			buildPhases = (
				BDA6DE4493F8A904EBCAE4C4 /* [CP] Check Pods Manifest.lock */,
				181F31882230BDDB0098E099 /* Sources */,
				181F31892230BDDB0098E099 /* Frameworks */,
				181F318A2230BDDB0098E099 /* Resources */,
				212C7B64A8E3D9A266C4B89C /* [CP] Copy Pods Resources */,
			);
			buildRules = (
			);
			dependencies = (
			);
			name = LearnObjectiveC;
			productName = LearnObjectiveC;
			productReference = 181F318C2230BDDB0098E099 /* LearnObjectiveC.app */;
			productType = "com.apple.product-type.application";
		};
		181F31A32230BDDD0098E099 /* LearnObjectiveCTests */ = {
			isa = PBXNativeTarget;
			buildConfigurationList = 181F31BB2230BDDD0098E099 /* Build configuration list for PBXNativeTarget "LearnObjectiveCTests" */;
			buildPhases = (
				2725A4790D6B83B61ACF8DC2 /* [CP] Check Pods Manifest.lock */,
				181F31A02230BDDD0098E099 /* Sources */,
				181F31A12230BDDD0098E099 /* Frameworks */,
				181F31A22230BDDD0098E099 /* Resources */,
			);
			buildRules = (
			);
			dependencies = (
				181F31A62230BDDD0098E099 /* PBXTargetDependency */,
			);
			name = LearnObjectiveCTests;
			productName = LearnObjectiveCTests;
			productReference = 181F31A42230BDDD0098E099 /* LearnObjectiveCTests.xctest */;
			productType = "com.apple.product-type.bundle.unit-test";
		};
		181F31AE2230BDDD0098E099 /* LearnObjectiveCUITests */ = {
			isa = PBXNativeTarget;
			buildConfigurationList = 181F31BE2230BDDD0098E099 /* Build configuration list for PBXNativeTarget "LearnObjectiveCUITests" */;
			buildPhases = (
				BC810A2B0DA650AD52D501F2 /* [CP] Check Pods Manifest.lock */,
				181F31AB2230BDDD0098E099 /* Sources */,
				181F31AC2230BDDD0098E099 /* Frameworks */,
				181F31AD2230BDDD0098E099 /* Resources */,
			);
			buildRules = (
			);
			dependencies = (
				181F31B12230BDDD0098E099 /* PBXTargetDependency */,
			);
			name = LearnObjectiveCUITests;
			productName = LearnObjectiveCUITests;
			productReference = 181F31AF2230BDDD0098E099 /* LearnObjectiveCUITests.xctest */;
			productType = "com.apple.product-type.bundle.ui-testing";
		};
/* End PBXNativeTarget section */

/* Begin PBXProject section */
		181F31842230BDDB0098E099 /* Project object */ = {
			isa = PBXProject;
			attributes = {
				LastUpgradeCheck = 0940;
				ORGANIZATIONNAME = "橘子";
				TargetAttributes = {
					181F318B2230BDDB0098E099 = {
						CreatedOnToolsVersion = 9.4.1;
					};
					181F31A32230BDDD0098E099 = {
						CreatedOnToolsVersion = 9.4.1;
						TestTargetID = 181F318B2230BDDB0098E099;
					};
					181F31AE2230BDDD0098E099 = {
						CreatedOnToolsVersion = 9.4.1;
						TestTargetID = 181F318B2230BDDB0098E099;
					};
				};
			};
			buildConfigurationList = 181F31872230BDDB0098E099 /* Build configuration list for PBXProject "LearnObjectiveC" */;
			compatibilityVersion = "Xcode 9.3";
			developmentRegion = en;
			hasScannedForEncodings = 0;
			knownRegions = (
				en,
				Base,
			);
			mainGroup = 181F31832230BDDB0098E099;
			productRefGroup = 181F318D2230BDDB0098E099 /* Products */;
			projectDirPath = "";
			projectRoot = "";
			targets = (
				181F318B2230BDDB0098E099 /* LearnObjectiveC */,
				181F31A32230BDDD0098E099 /* LearnObjectiveCTests */,
				181F31AE2230BDDD0098E099 /* LearnObjectiveCUITests */,
			);
		};
/* End PBXProject section */

/* Begin PBXResourcesBuildPhase section */
		181F318A2230BDDB0098E099 /* Resources */ = {
			isa = PBXResourcesBuildPhase;
			buildActionMask = 2147483647;
			files = (
				181F319C2230BDDD0098E099 /* LaunchScreen.storyboard in Resources */,
				551662AB2257014E0058C9F1 /* Assets.xcassets in Resources */,
				181F31972230BDDB0098E099 /* Main.storyboard in Resources */,
			);
			runOnlyForDeploymentPostprocessing = 0;
		};
		181F31A22230BDDD0098E099 /* Resources */ = {
			isa = PBXResourcesBuildPhase;
			buildActionMask = 2147483647;
			files = (
			);
			runOnlyForDeploymentPostprocessing = 0;
		};
		181F31AD2230BDDD0098E099 /* Resources */ = {
			isa = PBXResourcesBuildPhase;
			buildActionMask = 2147483647;
			files = (
			);
			runOnlyForDeploymentPostprocessing = 0;
		};
/* End PBXResourcesBuildPhase section */

/* Begin PBXShellScriptBuildPhase section */
		212C7B64A8E3D9A266C4B89C /* [CP] Copy Pods Resources */ = {
			isa = PBXShellScriptBuildPhase;
			buildActionMask = 2147483647;
			files = (
			);
			inputPaths = (
				"${SRCROOT}/Pods/Target Support Files/Pods-LearnObjectiveC/Pods-LearnObjectiveC-resources.sh",
				"${PODS_ROOT}/MJRefresh/MJRefresh/MJRefresh.bundle",
			);
			name = "[CP] Copy Pods Resources";
			outputPaths = (
				"${TARGET_BUILD_DIR}/${UNLOCALIZED_RESOURCES_FOLDER_PATH}/MJRefresh.bundle",
			);
			runOnlyForDeploymentPostprocessing = 0;
			shellPath = /bin/sh;
			shellScript = "\"${SRCROOT}/Pods/Target Support Files/Pods-LearnObjectiveC/Pods-LearnObjectiveC-resources.sh\"\n";
			showEnvVarsInLog = 0;
		};
		2725A4790D6B83B61ACF8DC2 /* [CP] Check Pods Manifest.lock */ = {
			isa = PBXShellScriptBuildPhase;
			buildActionMask = 2147483647;
			files = (
			);
			inputPaths = (
				"${PODS_PODFILE_DIR_PATH}/Podfile.lock",
				"${PODS_ROOT}/Manifest.lock",
			);
			name = "[CP] Check Pods Manifest.lock";
			outputPaths = (
				"$(DERIVED_FILE_DIR)/Pods-LearnObjectiveCTests-checkManifestLockResult.txt",
			);
			runOnlyForDeploymentPostprocessing = 0;
			shellPath = /bin/sh;
			shellScript = "diff \"${PODS_PODFILE_DIR_PATH}/Podfile.lock\" \"${PODS_ROOT}/Manifest.lock\" > /dev/null\nif [ $? != 0 ] ; then\n    # print error to STDERR\n    echo \"error: The sandbox is not in sync with the Podfile.lock. Run 'pod install' or update your CocoaPods installation.\" >&2\n    exit 1\nfi\n# This output is used by Xcode 'outputs' to avoid re-running this script phase.\necho \"SUCCESS\" > \"${SCRIPT_OUTPUT_FILE_0}\"\n";
			showEnvVarsInLog = 0;
		};
		BC810A2B0DA650AD52D501F2 /* [CP] Check Pods Manifest.lock */ = {
			isa = PBXShellScriptBuildPhase;
			buildActionMask = 2147483647;
			files = (
			);
			inputPaths = (
				"${PODS_PODFILE_DIR_PATH}/Podfile.lock",
				"${PODS_ROOT}/Manifest.lock",
			);
			name = "[CP] Check Pods Manifest.lock";
			outputPaths = (
				"$(DERIVED_FILE_DIR)/Pods-LearnObjectiveCUITests-checkManifestLockResult.txt",
			);
			runOnlyForDeploymentPostprocessing = 0;
			shellPath = /bin/sh;
			shellScript = "diff \"${PODS_PODFILE_DIR_PATH}/Podfile.lock\" \"${PODS_ROOT}/Manifest.lock\" > /dev/null\nif [ $? != 0 ] ; then\n    # print error to STDERR\n    echo \"error: The sandbox is not in sync with the Podfile.lock. Run 'pod install' or update your CocoaPods installation.\" >&2\n    exit 1\nfi\n# This output is used by Xcode 'outputs' to avoid re-running this script phase.\necho \"SUCCESS\" > \"${SCRIPT_OUTPUT_FILE_0}\"\n";
			showEnvVarsInLog = 0;
		};
		BDA6DE4493F8A904EBCAE4C4 /* [CP] Check Pods Manifest.lock */ = {
			isa = PBXShellScriptBuildPhase;
			buildActionMask = 2147483647;
			files = (
			);
			inputPaths = (
				"${PODS_PODFILE_DIR_PATH}/Podfile.lock",
				"${PODS_ROOT}/Manifest.lock",
			);
			name = "[CP] Check Pods Manifest.lock";
			outputPaths = (
				"$(DERIVED_FILE_DIR)/Pods-LearnObjectiveC-checkManifestLockResult.txt",
			);
			runOnlyForDeploymentPostprocessing = 0;
			shellPath = /bin/sh;
			shellScript = "diff \"${PODS_PODFILE_DIR_PATH}/Podfile.lock\" \"${PODS_ROOT}/Manifest.lock\" > /dev/null\nif [ $? != 0 ] ; then\n    # print error to STDERR\n    echo \"error: The sandbox is not in sync with the Podfile.lock. Run 'pod install' or update your CocoaPods installation.\" >&2\n    exit 1\nfi\n# This output is used by Xcode 'outputs' to avoid re-running this script phase.\necho \"SUCCESS\" > \"${SCRIPT_OUTPUT_FILE_0}\"\n";
			showEnvVarsInLog = 0;
		};
/* End PBXShellScriptBuildPhase section */

/* Begin PBXSourcesBuildPhase section */
		181F31882230BDDB0098E099 /* Sources */ = {
			isa = PBXSourcesBuildPhase;
			buildActionMask = 2147483647;
			files = (
				18FEC62C22374EE200313854 /* TransmitObject.m in Sources */,
				18E4DAB622DDACAC00DD5829 /* CurbTableVC.m in Sources */,
				189B850A229B71EE002DBEC2 /* StringVC.m in Sources */,
				18FEC62922374E9900313854 /* MessageTransmitVC.m in Sources */,
				18AFB14022D703A400C78822 /* FigureOutLayoutVC.m in Sources */,
				180F1970225C348A00F62A8C /* TimeComplexityVC.m in Sources */,
				550B4DF52287B07900417CA5 /* Animal.m in Sources */,
				187C3EE0228166E5000F205C /* CircularLinkedListVC.m in Sources */,
				18AFB14322D7042F00C78822 /* LayOutCell.m in Sources */,
				18E523022277DDDE001DAA3A /* BaseDataStructureVC.m in Sources */,
				18D412AA2276A66400DF7815 /* SQListLinkedStorageVC.m in Sources */,
				180C82D8223890F10092EBF0 /* FunctionVC.m in Sources */,
				18AFB14F22D73B1400C78822 /* AdjacencyListVC.m in Sources */,
				5516629F2256F75C0058C9F1 /* GeoCoding.m in Sources */,
				18FEC63022377E7500313854 /* ArrayBoundsVC.m in Sources */,
				18E247DA2296773200B8AF63 /* QueueVC.m in Sources */,
				180F1979225C4A4D00F62A8C /* DefineLinearTableVC.m in Sources */,
				18E5ADE422B8BD0E009E1EA6 /* BinaryTreeStoreVC.m in Sources */,
				1846836B2232463B0032A4EE /* KVO_AimModel.m in Sources */,
				189B8512229B7A0F002DBEC2 /* StoreOfStringVC.m in Sources */,
				18481326223A21B600C566D5 /* MVC_View.m in Sources */,
				181F31E7223111A20098E099 /* RunLoopMainVC.m in Sources */,
				18098A4122BCCF6B003BAFBA /* CluesBinaryTreeVC.m in Sources */,
				183ADC582235EFE200ADB09B /* KVC_Model.m in Sources */,
				18FBA89622E0479900E0B1F9 /* DepthFirstSeachVC.m in Sources */,
				181F31942230BDDB0098E099 /* ViewController.m in Sources */,
				1892AE2622D4255C00F4E007 /* AdjacentMatrixVC.m in Sources */,
				185AF0432297DA7400E065EF /* GCDVC.m in Sources */,
				18481320223A218300C566D5 /* MVCController.m in Sources */,
				551662962256F2A20058C9F1 /* ImageMessageVC.m in Sources */,
				189B850E229B722A002DBEC2 /* MainStringVC.m in Sources */,
				181F31EA223111AD0098E099 /* RunTimeMainVC.m in Sources */,
				1879F3C622895D1D00C48D34 /* Person.m in Sources */,
				189F68B722A617DE001F6D6F /* MainTreeVC.m in Sources */,
				1846836822320CCA0032A4EE /* CopyTargetVC.m in Sources */,
				180F1976225C49D200F62A8C /* MainLinearTableVC.m in Sources */,
				181F31CD2230C3530098E099 /* BaseViewController.m in Sources */,
				189B8516229B8317002DBEC2 /* KMPMatchVC.m in Sources */,
				18FEC63A22377ED300313854 /* NSMutableArray+ErrorHandle.m in Sources */,
				18AFB14722D709F200C78822 /* UITableViewCell+Extention.m in Sources */,
				181F31DE2230EA940098E099 /* BAD_ACCESS_VC.m in Sources */,
				1814E89E2293E8D5006A892C /* StackVC.m in Sources */,
				180C82DB2238910D0092EBF0 /* BuriesPointTestVC.m in Sources */,
				18AF150922C9AA450048732F /* MainGraphVC.m in Sources */,
				181F31D12230C44A0098E099 /* MyTableViewVC.m in Sources */,
				181F319F2230BDDD0098E099 /* main.m in Sources */,
				181F31DA2230E7890098E099 /* ErrorCodeExampleVC.m in Sources */,
				183C6330228BF748002CDDB2 /* AutoreleasePool.mm in Sources */,
				1846836522320CB90032A4EE /* MemoryMainVC.m in Sources */,
				183ADC622235FED100ADB09B /* ArrayRemoveVC.m in Sources */,
				18FEC63B22377ED300313854 /* NSObject+SwizzleMethod.m in Sources */,
				183ADC6B2236100E00ADB09B /* DesignMainVC.m in Sources */,
				18FEC63922377ED300313854 /* NSArray+ErrorHandle.m in Sources */,
				18481323223A21A300C566D5 /* MVC_Model.m in Sources */,
				1814E8A12293E919006A892C /* MainStackTempVC.m in Sources */,
				551662A72256FA770058C9F1 /* UIButton+Extenion.m in Sources */,
				5516629B2256F6F40058C9F1 /* NSDictionary+CLLocation.m in Sources */,
				551662A42256FA610058C9F1 /* UILabel+Extenion.m in Sources */,
				181F31912230BDDB0098E099 /* AppDelegate.m in Sources */,
				18FEC63E2237801500313854 /* BoundsNextVC.m in Sources */,
				181F31D52230C5FA0098E099 /* MyTableReFreshVC.m in Sources */,
				18ED2503225AE95A00006116 /* MainStructureVC.m in Sources */,
				18FBA88D22E03EAC00E0B1F9 /* ADJacencyMultiplelistVC.m in Sources */,
				18FBA89222E042CD00E0B1F9 /* EdgeListVC.m in Sources */,
				18D412A322768D7900DF7815 /* SQListSequentialListVC.m in Sources */,
				187C3EE322816716000F205C /* BothWayLinkListVC.m in Sources */,
				181F31F522311A730098E099 /* KVO_VC.m in Sources */,
				18DE584322A7AE3100668BDD /* BinaryTreeDefineVC.m in Sources */,
				183ADC5E2235FABA00ADB09B /* AutoreleasePoolVC.mm in Sources */,
				183ADC6722360FD800ADB09B /* FactoryDesignVC.m in Sources */,
				183ADC592235EFE200ADB09B /* KVC_VC.m in Sources */,
				18AF150D22C9AB150048732F /* DefineGraphVC.m in Sources */,
			);
			runOnlyForDeploymentPostprocessing = 0;
		};
		181F31A02230BDDD0098E099 /* Sources */ = {
			isa = PBXSourcesBuildPhase;
			buildActionMask = 2147483647;
			files = (
				181F31A92230BDDD0098E099 /* LearnObjectiveCTests.m in Sources */,
			);
			runOnlyForDeploymentPostprocessing = 0;
		};
		181F31AB2230BDDD0098E099 /* Sources */ = {
			isa = PBXSourcesBuildPhase;
			buildActionMask = 2147483647;
			files = (
				181F31B42230BDDD0098E099 /* LearnObjectiveCUITests.m in Sources */,
			);
			runOnlyForDeploymentPostprocessing = 0;
		};
/* End PBXSourcesBuildPhase section */

/* Begin PBXTargetDependency section */
		181F31A62230BDDD0098E099 /* PBXTargetDependency */ = {
			isa = PBXTargetDependency;
			target = 181F318B2230BDDB0098E099 /* LearnObjectiveC */;
			targetProxy = 181F31A52230BDDD0098E099 /* PBXContainerItemProxy */;
		};
		181F31B12230BDDD0098E099 /* PBXTargetDependency */ = {
			isa = PBXTargetDependency;
			target = 181F318B2230BDDB0098E099 /* LearnObjectiveC */;
			targetProxy = 181F31B02230BDDD0098E099 /* PBXContainerItemProxy */;
		};
/* End PBXTargetDependency section */

/* Begin PBXVariantGroup section */
		181F31952230BDDB0098E099 /* Main.storyboard */ = {
			isa = PBXVariantGroup;
			children = (
				181F31962230BDDB0098E099 /* Base */,
			);
			name = Main.storyboard;
			sourceTree = "<group>";
		};
		181F319A2230BDDD0098E099 /* LaunchScreen.storyboard */ = {
			isa = PBXVariantGroup;
			children = (
				181F319B2230BDDD0098E099 /* Base */,
			);
			name = LaunchScreen.storyboard;
			sourceTree = "<group>";
		};
/* End PBXVariantGroup section */

/* Begin XCBuildConfiguration section */
		181F31B62230BDDD0098E099 /* Debug */ = {
			isa = XCBuildConfiguration;
			buildSettings = {
				ALWAYS_SEARCH_USER_PATHS = NO;
				CLANG_ANALYZER_NONNULL = YES;
				CLANG_ANALYZER_NUMBER_OBJECT_CONVERSION = YES_AGGRESSIVE;
				CLANG_CXX_LANGUAGE_STANDARD = "gnu++14";
				CLANG_CXX_LIBRARY = "libc++";
				CLANG_ENABLE_MODULES = YES;
				CLANG_ENABLE_OBJC_ARC = YES;
				CLANG_ENABLE_OBJC_WEAK = YES;
				CLANG_WARN_BLOCK_CAPTURE_AUTORELEASING = YES;
				CLANG_WARN_BOOL_CONVERSION = YES;
				CLANG_WARN_COMMA = YES;
				CLANG_WARN_CONSTANT_CONVERSION = YES;
				CLANG_WARN_DEPRECATED_OBJC_IMPLEMENTATIONS = YES;
				CLANG_WARN_DIRECT_OBJC_ISA_USAGE = YES_ERROR;
				CLANG_WARN_DOCUMENTATION_COMMENTS = YES;
				CLANG_WARN_EMPTY_BODY = YES;
				CLANG_WARN_ENUM_CONVERSION = YES;
				CLANG_WARN_INFINITE_RECURSION = YES;
				CLANG_WARN_INT_CONVERSION = YES;
				CLANG_WARN_NON_LITERAL_NULL_CONVERSION = YES;
				CLANG_WARN_OBJC_IMPLICIT_RETAIN_SELF = YES;
				CLANG_WARN_OBJC_LITERAL_CONVERSION = YES;
				CLANG_WARN_OBJC_ROOT_CLASS = YES_ERROR;
				CLANG_WARN_RANGE_LOOP_ANALYSIS = YES;
				CLANG_WARN_STRICT_PROTOTYPES = YES;
				CLANG_WARN_SUSPICIOUS_MOVE = YES;
				CLANG_WARN_UNGUARDED_AVAILABILITY = YES_AGGRESSIVE;
				CLANG_WARN_UNREACHABLE_CODE = YES;
				CLANG_WARN__DUPLICATE_METHOD_MATCH = YES;
				CODE_SIGN_IDENTITY = "iPhone Developer";
				COPY_PHASE_STRIP = NO;
				DEBUG_INFORMATION_FORMAT = dwarf;
				ENABLE_STRICT_OBJC_MSGSEND = YES;
				ENABLE_TESTABILITY = YES;
				GCC_C_LANGUAGE_STANDARD = gnu11;
				GCC_DYNAMIC_NO_PIC = NO;
				GCC_NO_COMMON_BLOCKS = YES;
				GCC_OPTIMIZATION_LEVEL = 0;
				GCC_PREPROCESSOR_DEFINITIONS = (
					"DEBUG=1",
					"$(inherited)",
				);
				GCC_WARN_64_TO_32_BIT_CONVERSION = YES;
				GCC_WARN_ABOUT_RETURN_TYPE = YES_ERROR;
				GCC_WARN_UNDECLARED_SELECTOR = YES;
				GCC_WARN_UNINITIALIZED_AUTOS = YES_AGGRESSIVE;
				GCC_WARN_UNUSED_FUNCTION = YES;
				GCC_WARN_UNUSED_VARIABLE = YES;
				IPHONEOS_DEPLOYMENT_TARGET = 12.1;
				MTL_ENABLE_DEBUG_INFO = YES;
				ONLY_ACTIVE_ARCH = YES;
				SDKROOT = iphoneos;
			};
			name = Debug;
		};
		181F31B72230BDDD0098E099 /* Release */ = {
			isa = XCBuildConfiguration;
			buildSettings = {
				ALWAYS_SEARCH_USER_PATHS = NO;
				CLANG_ANALYZER_NONNULL = YES;
				CLANG_ANALYZER_NUMBER_OBJECT_CONVERSION = YES_AGGRESSIVE;
				CLANG_CXX_LANGUAGE_STANDARD = "gnu++14";
				CLANG_CXX_LIBRARY = "libc++";
				CLANG_ENABLE_MODULES = YES;
				CLANG_ENABLE_OBJC_ARC = YES;
				CLANG_ENABLE_OBJC_WEAK = YES;
				CLANG_WARN_BLOCK_CAPTURE_AUTORELEASING = YES;
				CLANG_WARN_BOOL_CONVERSION = YES;
				CLANG_WARN_COMMA = YES;
				CLANG_WARN_CONSTANT_CONVERSION = YES;
				CLANG_WARN_DEPRECATED_OBJC_IMPLEMENTATIONS = YES;
				CLANG_WARN_DIRECT_OBJC_ISA_USAGE = YES_ERROR;
				CLANG_WARN_DOCUMENTATION_COMMENTS = YES;
				CLANG_WARN_EMPTY_BODY = YES;
				CLANG_WARN_ENUM_CONVERSION = YES;
				CLANG_WARN_INFINITE_RECURSION = YES;
				CLANG_WARN_INT_CONVERSION = YES;
				CLANG_WARN_NON_LITERAL_NULL_CONVERSION = YES;
				CLANG_WARN_OBJC_IMPLICIT_RETAIN_SELF = YES;
				CLANG_WARN_OBJC_LITERAL_CONVERSION = YES;
				CLANG_WARN_OBJC_ROOT_CLASS = YES_ERROR;
				CLANG_WARN_RANGE_LOOP_ANALYSIS = YES;
				CLANG_WARN_STRICT_PROTOTYPES = YES;
				CLANG_WARN_SUSPICIOUS_MOVE = YES;
				CLANG_WARN_UNGUARDED_AVAILABILITY = YES_AGGRESSIVE;
				CLANG_WARN_UNREACHABLE_CODE = YES;
				CLANG_WARN__DUPLICATE_METHOD_MATCH = YES;
				CODE_SIGN_IDENTITY = "iPhone Developer";
				COPY_PHASE_STRIP = NO;
				DEBUG_INFORMATION_FORMAT = "dwarf-with-dsym";
				ENABLE_NS_ASSERTIONS = NO;
				ENABLE_STRICT_OBJC_MSGSEND = YES;
				GCC_C_LANGUAGE_STANDARD = gnu11;
				GCC_NO_COMMON_BLOCKS = YES;
				GCC_WARN_64_TO_32_BIT_CONVERSION = YES;
				GCC_WARN_ABOUT_RETURN_TYPE = YES_ERROR;
				GCC_WARN_UNDECLARED_SELECTOR = YES;
				GCC_WARN_UNINITIALIZED_AUTOS = YES_AGGRESSIVE;
				GCC_WARN_UNUSED_FUNCTION = YES;
				GCC_WARN_UNUSED_VARIABLE = YES;
				IPHONEOS_DEPLOYMENT_TARGET = 12.1;
				MTL_ENABLE_DEBUG_INFO = NO;
				SDKROOT = iphoneos;
				VALIDATE_PRODUCT = YES;
			};
			name = Release;
		};
		181F31B92230BDDD0098E099 /* Debug */ = {
			isa = XCBuildConfiguration;
			baseConfigurationReference = 6CE4228E588080A260588FC4 /* Pods-LearnObjectiveC.debug.xcconfig */;
			buildSettings = {
				ASSETCATALOG_COMPILER_APPICON_NAME = AppIcon;
				ASSETCATALOG_COMPILER_LAUNCHIMAGE_NAME = LaunchImage;
				CODE_SIGN_STYLE = Automatic;
				DEVELOPMENT_TEAM = LALS6K674B;
				GCC_INPUT_FILETYPE = automatic;
				GCC_PREFIX_HEADER = "$(SRCROOT)/LearnObjectiveC/Header.pch";
				INFOPLIST_FILE = LearnObjectiveC/Info.plist;
				IPHONEOS_DEPLOYMENT_TARGET = 9.0;
				LD_RUNPATH_SEARCH_PATHS = (
					"$(inherited)",
					"@executable_path/Frameworks",
				);
				PRODUCT_BUNDLE_IDENTIFIER = com.chuandukeji.LearnObjectiveC;
				PRODUCT_NAME = "$(TARGET_NAME)";
				TARGETED_DEVICE_FAMILY = 1;
			};
			name = Debug;
		};
		181F31BA2230BDDD0098E099 /* Release */ = {
			isa = XCBuildConfiguration;
			baseConfigurationReference = 97E466B2B25271A16FB16F47 /* Pods-LearnObjectiveC.release.xcconfig */;
			buildSettings = {
				ASSETCATALOG_COMPILER_APPICON_NAME = AppIcon;
				ASSETCATALOG_COMPILER_LAUNCHIMAGE_NAME = LaunchImage;
				CODE_SIGN_STYLE = Automatic;
				DEVELOPMENT_TEAM = LALS6K674B;
				GCC_INPUT_FILETYPE = automatic;
				GCC_PREFIX_HEADER = "$(SRCROOT)/LearnObjectiveC/Header.pch";
				INFOPLIST_FILE = LearnObjectiveC/Info.plist;
				IPHONEOS_DEPLOYMENT_TARGET = 9.0;
				LD_RUNPATH_SEARCH_PATHS = (
					"$(inherited)",
					"@executable_path/Frameworks",
				);
				PRODUCT_BUNDLE_IDENTIFIER = com.chuandukeji.LearnObjectiveC;
				PRODUCT_NAME = "$(TARGET_NAME)";
				TARGETED_DEVICE_FAMILY = 1;
			};
			name = Release;
		};
		181F31BC2230BDDD0098E099 /* Debug */ = {
			isa = XCBuildConfiguration;
			baseConfigurationReference = 0CC6282705465E117CA14B2F /* Pods-LearnObjectiveCTests.debug.xcconfig */;
			buildSettings = {
				BUNDLE_LOADER = "$(TEST_HOST)";
				CODE_SIGN_STYLE = Automatic;
				DEVELOPMENT_TEAM = 9ZW85V7AG4;
				INFOPLIST_FILE = LearnObjectiveCTests/Info.plist;
				LD_RUNPATH_SEARCH_PATHS = (
					"$(inherited)",
					"@executable_path/Frameworks",
					"@loader_path/Frameworks",
				);
				PRODUCT_BUNDLE_IDENTIFIER = com.chuandukeji.LearnObjectiveCTests;
				PRODUCT_NAME = "$(TARGET_NAME)";
				TARGETED_DEVICE_FAMILY = "1,2";
				TEST_HOST = "$(BUILT_PRODUCTS_DIR)/LearnObjectiveC.app/LearnObjectiveC";
			};
			name = Debug;
		};
		181F31BD2230BDDD0098E099 /* Release */ = {
			isa = XCBuildConfiguration;
			baseConfigurationReference = 7D59E1C2B96E2BCECF32C3EA /* Pods-LearnObjectiveCTests.release.xcconfig */;
			buildSettings = {
				BUNDLE_LOADER = "$(TEST_HOST)";
				CODE_SIGN_STYLE = Automatic;
				DEVELOPMENT_TEAM = 9ZW85V7AG4;
				INFOPLIST_FILE = LearnObjectiveCTests/Info.plist;
				LD_RUNPATH_SEARCH_PATHS = (
					"$(inherited)",
					"@executable_path/Frameworks",
					"@loader_path/Frameworks",
				);
				PRODUCT_BUNDLE_IDENTIFIER = com.chuandukeji.LearnObjectiveCTests;
				PRODUCT_NAME = "$(TARGET_NAME)";
				TARGETED_DEVICE_FAMILY = "1,2";
				TEST_HOST = "$(BUILT_PRODUCTS_DIR)/LearnObjectiveC.app/LearnObjectiveC";
			};
			name = Release;
		};
		181F31BF2230BDDD0098E099 /* Debug */ = {
			isa = XCBuildConfiguration;
			baseConfigurationReference = 4F744E4CB9B4A24875B64718 /* Pods-LearnObjectiveCUITests.debug.xcconfig */;
			buildSettings = {
				CODE_SIGN_STYLE = Automatic;
				DEVELOPMENT_TEAM = 9ZW85V7AG4;
				INFOPLIST_FILE = LearnObjectiveCUITests/Info.plist;
				LD_RUNPATH_SEARCH_PATHS = (
					"$(inherited)",
					"@executable_path/Frameworks",
					"@loader_path/Frameworks",
				);
				PRODUCT_BUNDLE_IDENTIFIER = com.chuandukeji.LearnObjectiveCUITests;
				PRODUCT_NAME = "$(TARGET_NAME)";
				TARGETED_DEVICE_FAMILY = "1,2";
				TEST_TARGET_NAME = LearnObjectiveC;
			};
			name = Debug;
		};
		181F31C02230BDDD0098E099 /* Release */ = {
			isa = XCBuildConfiguration;
			baseConfigurationReference = 0AEFD4F2AC48ADFBBE8E1805 /* Pods-LearnObjectiveCUITests.release.xcconfig */;
			buildSettings = {
				CODE_SIGN_STYLE = Automatic;
				DEVELOPMENT_TEAM = 9ZW85V7AG4;
				INFOPLIST_FILE = LearnObjectiveCUITests/Info.plist;
				LD_RUNPATH_SEARCH_PATHS = (
					"$(inherited)",
					"@executable_path/Frameworks",
					"@loader_path/Frameworks",
				);
				PRODUCT_BUNDLE_IDENTIFIER = com.chuandukeji.LearnObjectiveCUITests;
				PRODUCT_NAME = "$(TARGET_NAME)";
				TARGETED_DEVICE_FAMILY = "1,2";
				TEST_TARGET_NAME = LearnObjectiveC;
			};
			name = Release;
		};
/* End XCBuildConfiguration section */

/* Begin XCConfigurationList section */
		181F31872230BDDB0098E099 /* Build configuration list for PBXProject "LearnObjectiveC" */ = {
			isa = XCConfigurationList;
			buildConfigurations = (
				181F31B62230BDDD0098E099 /* Debug */,
				181F31B72230BDDD0098E099 /* Release */,
			);
			defaultConfigurationIsVisible = 0;
			defaultConfigurationName = Release;
		};
		181F31B82230BDDD0098E099 /* Build configuration list for PBXNativeTarget "LearnObjectiveC" */ = {
			isa = XCConfigurationList;
			buildConfigurations = (
				181F31B92230BDDD0098E099 /* Debug */,
				181F31BA2230BDDD0098E099 /* Release */,
			);
			defaultConfigurationIsVisible = 0;
			defaultConfigurationName = Release;
		};
		181F31BB2230BDDD0098E099 /* Build configuration list for PBXNativeTarget "LearnObjectiveCTests" */ = {
			isa = XCConfigurationList;
			buildConfigurations = (
				181F31BC2230BDDD0098E099 /* Debug */,
				181F31BD2230BDDD0098E099 /* Release */,
			);
			defaultConfigurationIsVisible = 0;
			defaultConfigurationName = Release;
		};
		181F31BE2230BDDD0098E099 /* Build configuration list for PBXNativeTarget "LearnObjectiveCUITests" */ = {
			isa = XCConfigurationList;
			buildConfigurations = (
				181F31BF2230BDDD0098E099 /* Debug */,
				181F31C02230BDDD0098E099 /* Release */,
			);
			defaultConfigurationIsVisible = 0;
			defaultConfigurationName = Release;
		};
/* End XCConfigurationList section */
	};
	rootObject = 181F31842230BDDB0098E099 /* Project object */;
}
